// !$*UTF8*$!
{
	archiveVersion = 1;
	classes = {
	};
	objectVersion = 50;
	objects = {

/* Begin PBXBuildFile section */
		23006212225B87C000288DAA /* NavigationViewController.swift in Sources */ = {isa = PBXBuildFile; fileRef = 23006211225B87C000288DAA /* NavigationViewController.swift */; };
		2313D5C5225C7E3800BF5A20 /* UIApplication+URLs.swift in Sources */ = {isa = PBXBuildFile; fileRef = 2313D5C4225C7E3800BF5A20 /* UIApplication+URLs.swift */; };
		2313D5C7225C804E00BF5A20 /* SettingsButtonCellDescriptor.swift in Sources */ = {isa = PBXBuildFile; fileRef = 2313D5C6225C804E00BF5A20 /* SettingsButtonCellDescriptor.swift */; };
		2313D5C9225C846A00BF5A20 /* SelfProfileViewController.swift in Sources */ = {isa = PBXBuildFile; fileRef = 2313D5C8225C846A00BF5A20 /* SelfProfileViewController.swift */; };
		2313D5CB225C847700BF5A20 /* SelfProfileController.swift in Sources */ = {isa = PBXBuildFile; fileRef = 2313D5CA225C847700BF5A20 /* SelfProfileController.swift */; };
		2313D5CD225C860000BF5A20 /* SelfProfileHeaderView.swift in Sources */ = {isa = PBXBuildFile; fileRef = 2313D5CC225C860000BF5A20 /* SelfProfileHeaderView.swift */; };
		2313D5CF225C860E00BF5A20 /* SelfProfileHeaderView.xib in Resources */ = {isa = PBXBuildFile; fileRef = 2313D5CE225C860E00BF5A20 /* SelfProfileHeaderView.xib */; };
		2313D5D1225D7C1500BF5A20 /* UIViewController+addViewController.swift in Sources */ = {isa = PBXBuildFile; fileRef = 2313D5D0225D7C1400BF5A20 /* UIViewController+addViewController.swift */; };
		2313D5D3225D8E8800BF5A20 /* Request_User.swift in Sources */ = {isa = PBXBuildFile; fileRef = 2313D5D2225D8E8800BF5A20 /* Request_User.swift */; };
		2319B50A224B69FF004546A6 /* pitches.xml in Resources */ = {isa = PBXBuildFile; fileRef = 2319B509224B69FF004546A6 /* pitches.xml */; };
		2319B515224B8150004546A6 /* MIDI_sample.mid in Resources */ = {isa = PBXBuildFile; fileRef = 2319B514224B8150004546A6 /* MIDI_sample.mid */; };
		2319B517224B8202004546A6 /* Binchois.musicxml in Resources */ = {isa = PBXBuildFile; fileRef = 2319B516224B8202004546A6 /* Binchois.musicxml */; };
		234FE32322446FE100A89071 /* SettingsPropertyTextCellDescriptor.swift in Sources */ = {isa = PBXBuildFile; fileRef = 234FE32222446FE100A89071 /* SettingsPropertyTextCellDescriptor.swift */; };
		234FE32522447B7F00A89071 /* TailEditingTextField.swift in Sources */ = {isa = PBXBuildFile; fileRef = 234FE32422447B7F00A89071 /* TailEditingTextField.swift */; };
		234FE3282244B46400A89071 /* UIColor+Sky.swift in Sources */ = {isa = PBXBuildFile; fileRef = 23DEFCD222433E2000795E13 /* UIColor+Sky.swift */; };
		234FE32A2244B47A00A89071 /* SkyColorTest.swift in Sources */ = {isa = PBXBuildFile; fileRef = 234FE3292244B47A00A89071 /* SkyColorTest.swift */; };
		234FE32B2244B58600A89071 /* Helpers.swift in Sources */ = {isa = PBXBuildFile; fileRef = 238362972240B7E3007B892D /* Helpers.swift */; };
		234FE32C2244B5A900A89071 /* DebugOption.swift in Sources */ = {isa = PBXBuildFile; fileRef = 238362962240B7E3007B892D /* DebugOption.swift */; };
		234FE32E2244B7F600A89071 /* blue.json in Resources */ = {isa = PBXBuildFile; fileRef = 234FE32D2244B7F600A89071 /* blue.json */; };
		234FE32F2244BB3000A89071 /* Account.swift in Sources */ = {isa = PBXBuildFile; fileRef = 23DEFCEB22436BE300795E13 /* Account.swift */; };
		234FE3302244BB3000A89071 /* AccountManager.swift in Sources */ = {isa = PBXBuildFile; fileRef = 23DEFCF92243898E00795E13 /* AccountManager.swift */; };
		234FE3312244BB3000A89071 /* AccountStore.swift in Sources */ = {isa = PBXBuildFile; fileRef = 23DEFCFB22438C1800795E13 /* AccountStore.swift */; };
		234FE3322244BB3000A89071 /* LoginCredentials.swift in Sources */ = {isa = PBXBuildFile; fileRef = 23DEFD0222439B6800795E13 /* LoginCredentials.swift */; };
		234FE3332244BB3000A89071 /* KeyChainManager.swift in Sources */ = {isa = PBXBuildFile; fileRef = 23DEFCF6224383BA00795E13 /* KeyChainManager.swift */; };
		234FE3342244BB3000A89071 /* SessionManager.swift in Sources */ = {isa = PBXBuildFile; fileRef = 23DEFCF3224375FF00795E13 /* SessionManager.swift */; };
		234FE3352244BB3000A89071 /* Request.swift in Sources */ = {isa = PBXBuildFile; fileRef = 23DEFB462240E30400795E13 /* Request.swift */; };
		234FE3362244BB3000A89071 /* Session.swift in Sources */ = {isa = PBXBuildFile; fileRef = 23DEFB482240E42300795E13 /* Session.swift */; };
		234FE3372244BB3000A89071 /* ParameterEncoding.swift in Sources */ = {isa = PBXBuildFile; fileRef = 23DEFB502241CB3A00795E13 /* ParameterEncoding.swift */; };
		234FE3382244BB3000A89071 /* SettingsProperty.swift in Sources */ = {isa = PBXBuildFile; fileRef = 238362702240B7E3007B892D /* SettingsProperty.swift */; };
		234FE3392244BB3000A89071 /* Settings.swift in Sources */ = {isa = PBXBuildFile; fileRef = 238362712240B7E3007B892D /* Settings.swift */; };
		234FE33A2244BB3000A89071 /* SettingsPropertyFactory.swift in Sources */ = {isa = PBXBuildFile; fileRef = 238362722240B7E3007B892D /* SettingsPropertyFactory.swift */; };
		234FE33B2244BB3000A89071 /* UIFont+DynmicType.swift in Sources */ = {isa = PBXBuildFile; fileRef = 238362742240B7E3007B892D /* UIFont+DynmicType.swift */; };
		234FE33C2244BB3000A89071 /* ColorScheme.swift in Sources */ = {isa = PBXBuildFile; fileRef = 238362752240B7E3007B892D /* ColorScheme.swift */; };
		234FE33D2244BB3000A89071 /* String+localized.swift in Sources */ = {isa = PBXBuildFile; fileRef = 238362762240B7E3007B892D /* String+localized.swift */; };
		234FE33E2244BB3000A89071 /* UIColor+utils.swift in Sources */ = {isa = PBXBuildFile; fileRef = 238362772240B7E3007B892D /* UIColor+utils.swift */; };
		234FE3442244BB3000A89071 /* String+utils.swift in Sources */ = {isa = PBXBuildFile; fileRef = 2383627D2240B7E3007B892D /* String+utils.swift */; };
		234FE3452244BB3000A89071 /* Dispatch+delay.swift in Sources */ = {isa = PBXBuildFile; fileRef = 2383627E2240B7E3007B892D /* Dispatch+delay.swift */; };
		234FE3462244BB3000A89071 /* FileManager+Move.swift in Sources */ = {isa = PBXBuildFile; fileRef = 23DEFCFD22438CFC00795E13 /* FileManager+Move.swift */; };
		234FE3472244BB3000A89071 /* FileManager+Protection.swift in Sources */ = {isa = PBXBuildFile; fileRef = 23DEFCFE22438CFD00795E13 /* FileManager+Protection.swift */; };
		234FE3482244BB3000A89071 /* ButtonWithLargerHitArea.swift in Sources */ = {isa = PBXBuildFile; fileRef = 238362802240B7E3007B892D /* ButtonWithLargerHitArea.swift */; };
		234FE3492244BB4600A89071 /* Config.swift in Sources */ = {isa = PBXBuildFile; fileRef = 238362982240B7E3007B892D /* Config.swift */; };
		234FE34A2244BB4600A89071 /* SettingsPropertyName.swift in Sources */ = {isa = PBXBuildFile; fileRef = 238362992240B7E3007B892D /* SettingsPropertyName.swift */; };
		234FE34B2244BB4600A89071 /* Result.swift in Sources */ = {isa = PBXBuildFile; fileRef = 23DEFB4A2240F90B00795E13 /* Result.swift */; };
		234FE34C2244BB4600A89071 /* SkyNetworkError.swift in Sources */ = {isa = PBXBuildFile; fileRef = 23DEFB4C2240FA1C00795E13 /* SkyNetworkError.swift */; };
		234FE34D2244BB4600A89071 /* Delegate.swift in Sources */ = {isa = PBXBuildFile; fileRef = 23DEFB4E2240FAB000795E13 /* Delegate.swift */; };
		23603C53224DADAE00B8AC88 /* NoteAttribute.swift in Sources */ = {isa = PBXBuildFile; fileRef = 23603C52224DADAE00B8AC88 /* NoteAttribute.swift */; };
		23603C55224DB48F00B8AC88 /* vexflow in Resources */ = {isa = PBXBuildFile; fileRef = 23603C54224DB48F00B8AC88 /* vexflow */; };
		237860812261A4F2008BD562 /* MissionTask.swift in Sources */ = {isa = PBXBuildFile; fileRef = 2378607F2261A4F2008BD562 /* MissionTask.swift */; };
		237860822261A4F2008BD562 /* MissionType.swift in Sources */ = {isa = PBXBuildFile; fileRef = 237860802261A4F2008BD562 /* MissionType.swift */; };
		237860862261ACC4008BD562 /* Command.swift in Sources */ = {isa = PBXBuildFile; fileRef = 237860842261ACC4008BD562 /* Command.swift */; };
		237860872261ACC4008BD562 /* CommandManager.swift in Sources */ = {isa = PBXBuildFile; fileRef = 237860852261ACC4008BD562 /* CommandManager.swift */; };
		237860892261B610008BD562 /* RssListViewController.swift in Sources */ = {isa = PBXBuildFile; fileRef = 237860882261B610008BD562 /* RssListViewController.swift */; };
		2378608C2261B68D008BD562 /* RssController.swift in Sources */ = {isa = PBXBuildFile; fileRef = 2378608B2261B68D008BD562 /* RssController.swift */; };
		2378608E2261BBEC008BD562 /* Request_Rss.swift in Sources */ = {isa = PBXBuildFile; fileRef = 2378608D2261BBEC008BD562 /* Request_Rss.swift */; };
		237860902261BD5C008BD562 /* Rss.swift in Sources */ = {isa = PBXBuildFile; fileRef = 2378608F2261BD5C008BD562 /* Rss.swift */; };
		237860962263326C008BD562 /* MissionCommand.swift in Sources */ = {isa = PBXBuildFile; fileRef = 237860952263326C008BD562 /* MissionCommand.swift */; };
		238362372240A030007B892D /* AppDelegate.swift in Sources */ = {isa = PBXBuildFile; fileRef = 238362362240A030007B892D /* AppDelegate.swift */; };
		238362392240A030007B892D /* ViewController.swift in Sources */ = {isa = PBXBuildFile; fileRef = 238362382240A030007B892D /* ViewController.swift */; };
		2383623C2240A030007B892D /* Main.storyboard in Resources */ = {isa = PBXBuildFile; fileRef = 2383623A2240A030007B892D /* Main.storyboard */; };
		2383623F2240A030007B892D /* SkyTool.xcdatamodeld in Sources */ = {isa = PBXBuildFile; fileRef = 2383623D2240A030007B892D /* SkyTool.xcdatamodeld */; };
		238362412240A032007B892D /* Assets.xcassets in Resources */ = {isa = PBXBuildFile; fileRef = 238362402240A032007B892D /* Assets.xcassets */; };
		238362442240A032007B892D /* LaunchScreen.storyboard in Resources */ = {isa = PBXBuildFile; fileRef = 238362422240A032007B892D /* LaunchScreen.storyboard */; };
		2383625A2240A032007B892D /* SkyToolUITests.swift in Sources */ = {isa = PBXBuildFile; fileRef = 238362592240A032007B892D /* SkyToolUITests.swift */; };
		2383629A2240B7E3007B892D /* SettingsProperty.swift in Sources */ = {isa = PBXBuildFile; fileRef = 238362702240B7E3007B892D /* SettingsProperty.swift */; };
		2383629B2240B7E3007B892D /* Settings.swift in Sources */ = {isa = PBXBuildFile; fileRef = 238362712240B7E3007B892D /* Settings.swift */; };
		2383629C2240B7E3007B892D /* SettingsPropertyFactory.swift in Sources */ = {isa = PBXBuildFile; fileRef = 238362722240B7E3007B892D /* SettingsPropertyFactory.swift */; };
		2383629D2240B7E3007B892D /* UIFont+DynmicType.swift in Sources */ = {isa = PBXBuildFile; fileRef = 238362742240B7E3007B892D /* UIFont+DynmicType.swift */; };
		2383629E2240B7E3007B892D /* ColorScheme.swift in Sources */ = {isa = PBXBuildFile; fileRef = 238362752240B7E3007B892D /* ColorScheme.swift */; };
		2383629F2240B7E3007B892D /* String+localized.swift in Sources */ = {isa = PBXBuildFile; fileRef = 238362762240B7E3007B892D /* String+localized.swift */; };
		238362A02240B7E3007B892D /* UIColor+utils.swift in Sources */ = {isa = PBXBuildFile; fileRef = 238362772240B7E3007B892D /* UIColor+utils.swift */; };
		238362A12240B7E3007B892D /* Reusable.swift in Sources */ = {isa = PBXBuildFile; fileRef = 238362782240B7E3007B892D /* Reusable.swift */; };
		238362A22240B7E3007B892D /* UIFont+FontSpec.swift in Sources */ = {isa = PBXBuildFile; fileRef = 238362792240B7E3007B892D /* UIFont+FontSpec.swift */; };
		238362A32240B7E3007B892D /* FontScheme.swift in Sources */ = {isa = PBXBuildFile; fileRef = 2383627A2240B7E3007B892D /* FontScheme.swift */; };
		238362A42240B7E3007B892D /* UIApplication+statusBar.swift in Sources */ = {isa = PBXBuildFile; fileRef = 2383627B2240B7E3007B892D /* UIApplication+statusBar.swift */; };
		238362A52240B7E3007B892D /* UIViewController+Orientation.swift in Sources */ = {isa = PBXBuildFile; fileRef = 2383627C2240B7E3007B892D /* UIViewController+Orientation.swift */; };
		238362A62240B7E3007B892D /* String+utils.swift in Sources */ = {isa = PBXBuildFile; fileRef = 2383627D2240B7E3007B892D /* String+utils.swift */; };
		238362A72240B7E3007B892D /* Dispatch+delay.swift in Sources */ = {isa = PBXBuildFile; fileRef = 2383627E2240B7E3007B892D /* Dispatch+delay.swift */; };
		238362A82240B7E3007B892D /* ButtonWithLargerHitArea.swift in Sources */ = {isa = PBXBuildFile; fileRef = 238362802240B7E3007B892D /* ButtonWithLargerHitArea.swift */; };
		238362A92240B7E3007B892D /* SettingsCell.swift in Sources */ = {isa = PBXBuildFile; fileRef = 238362832240B7E3007B892D /* SettingsCell.swift */; };
		238362AA2240B7E3007B892D /* SettingsExternalScreenCellDescriptor.swift in Sources */ = {isa = PBXBuildFile; fileRef = 238362852240B7E3007B892D /* SettingsExternalScreenCellDescriptor.swift */; };
		238362AB2240B7E3007B892D /* SettingsCellDescriptor.swift in Sources */ = {isa = PBXBuildFile; fileRef = 238362862240B7E3007B892D /* SettingsCellDescriptor.swift */; };
		238362AC2240B7E3007B892D /* SettingsCellDescriptorFactory.swift in Sources */ = {isa = PBXBuildFile; fileRef = 238362872240B7E3007B892D /* SettingsCellDescriptorFactory.swift */; };
		238362AD2240B7E3007B892D /* SettingsStaticTextCellDescriptor.swift in Sources */ = {isa = PBXBuildFile; fileRef = 238362882240B7E3007B892D /* SettingsStaticTextCellDescriptor.swift */; };
		238362AE2240B7E3007B892D /* SettingsCellDescriptorFactory+DebugOption.swift in Sources */ = {isa = PBXBuildFile; fileRef = 238362892240B7E3007B892D /* SettingsCellDescriptorFactory+DebugOption.swift */; };
		238362AF2240B7E3007B892D /* SettingsPropertyToggleCellDescriptor.swift in Sources */ = {isa = PBXBuildFile; fileRef = 2383628A2240B7E3007B892D /* SettingsPropertyToggleCellDescriptor.swift */; };
		238362B02240B7E3007B892D /* SettingsViewController.swift in Sources */ = {isa = PBXBuildFile; fileRef = 2383628B2240B7E3007B892D /* SettingsViewController.swift */; };
		238362B12240B7E3007B892D /* WebViewController.swift in Sources */ = {isa = PBXBuildFile; fileRef = 2383628D2240B7E3007B892D /* WebViewController.swift */; };
		238362B22240B7E3007B892D /* AppState.swift in Sources */ = {isa = PBXBuildFile; fileRef = 238362902240B7E3007B892D /* AppState.swift */; };
		238362B32240B7E3007B892D /* AppStateController.swift in Sources */ = {isa = PBXBuildFile; fileRef = 238362912240B7E3007B892D /* AppStateController.swift */; };
		238362B42240B7E3007B892D /* AppRootViewController.swift in Sources */ = {isa = PBXBuildFile; fileRef = 238362922240B7E3007B892D /* AppRootViewController.swift */; };
		238362B52240B7E3007B892D /* MainTabBarViewController.swift in Sources */ = {isa = PBXBuildFile; fileRef = 238362942240B7E3007B892D /* MainTabBarViewController.swift */; };
		238362B62240B7E3007B892D /* DebugOption.swift in Sources */ = {isa = PBXBuildFile; fileRef = 238362962240B7E3007B892D /* DebugOption.swift */; };
		238362B72240B7E3007B892D /* Helpers.swift in Sources */ = {isa = PBXBuildFile; fileRef = 238362972240B7E3007B892D /* Helpers.swift */; };
		238362B82240B7E3007B892D /* Config.swift in Sources */ = {isa = PBXBuildFile; fileRef = 238362982240B7E3007B892D /* Config.swift */; };
		238362B92240B7E3007B892D /* SettingsPropertyName.swift in Sources */ = {isa = PBXBuildFile; fileRef = 238362992240B7E3007B892D /* SettingsPropertyName.swift */; };
		238362BB2240B7FC007B892D /* PureLayout.framework in Frameworks */ = {isa = PBXBuildFile; fileRef = 238362BA2240B7FC007B892D /* PureLayout.framework */; };
		238362BC2240B8AA007B892D /* MBProgressHUD.framework in Frameworks */ = {isa = PBXBuildFile; fileRef = 238362682240A8A0007B892D /* MBProgressHUD.framework */; };
		238BAC58225F370500EEA88D /* Note.swift in Sources */ = {isa = PBXBuildFile; fileRef = 238BAC57225F370500EEA88D /* Note.swift */; };
		238BAC5A225F39D600EEA88D /* SkyNoteTest.swift in Sources */ = {isa = PBXBuildFile; fileRef = 238BAC59225F39D600EEA88D /* SkyNoteTest.swift */; };
		238BAC5B225F3A1200EEA88D /* NoteAttribute.swift in Sources */ = {isa = PBXBuildFile; fileRef = 23603C52224DADAE00B8AC88 /* NoteAttribute.swift */; };
		238BAC5C225F3A1200EEA88D /* Note.swift in Sources */ = {isa = PBXBuildFile; fileRef = 238BAC57225F370500EEA88D /* Note.swift */; };
		23A296912260221B007C328F /* Recorder.swift in Sources */ = {isa = PBXBuildFile; fileRef = 23A296902260221B007C328F /* Recorder.swift */; };
		23A29694226034BA007C328F /* SignalTracker.swift in Sources */ = {isa = PBXBuildFile; fileRef = 23A29693226034BA007C328F /* SignalTracker.swift */; };
		23A296982260356F007C328F /* InputSignalTracker.swift in Sources */ = {isa = PBXBuildFile; fileRef = 23A296972260356F007C328F /* InputSignalTracker.swift */; };
		23A2969A22603C5F007C328F /* SimulatorSignalTracker.swift in Sources */ = {isa = PBXBuildFile; fileRef = 23A2969922603C5F007C328F /* SimulatorSignalTracker.swift */; };
		23C33B4322486FA300E82D00 /* MIDI_sample.mid in Resources */ = {isa = PBXBuildFile; fileRef = 23C33B4222486FA300E82D00 /* MIDI_sample.mid */; };
		23C33B4A224873EA00E82D00 /* Easy_Ver.mxl in Resources */ = {isa = PBXBuildFile; fileRef = 23C33B49224873E900E82D00 /* Easy_Ver.mxl */; };
		23C33B4D22487A6100E82D00 /* xmlDemo.xml in Resources */ = {isa = PBXBuildFile; fileRef = 23C33B4C22487A6100E82D00 /* xmlDemo.xml */; };
		23C33B632248AE7000E82D00 /* Cartfile in Resources */ = {isa = PBXBuildFile; fileRef = 23C33B622248AE7000E82D00 /* Cartfile */; };
		23C6DFF0225D9973008140C3 /* LaunchImageViewController.swift in Sources */ = {isa = PBXBuildFile; fileRef = 23C6DFEF225D9973008140C3 /* LaunchImageViewController.swift */; };
		23C6DFF2225D99DB008140C3 /* LaunchScreen.swift in Sources */ = {isa = PBXBuildFile; fileRef = 23C6DFF1225D99DB008140C3 /* LaunchScreen.swift */; };
		23C6DFF4225D99E2008140C3 /* LaunchScreen.xib in Resources */ = {isa = PBXBuildFile; fileRef = 23C6DFF3225D99E2008140C3 /* LaunchScreen.xib */; };
		23C6DFF6225DBDB8008140C3 /* Images.xcassets in Resources */ = {isa = PBXBuildFile; fileRef = 23C6DFF5225DBDB8008140C3 /* Images.xcassets */; };
		23C6DFF8225EEC1D008140C3 /* TokenObserver.swift in Sources */ = {isa = PBXBuildFile; fileRef = 23C6DFF7225EEC1D008140C3 /* TokenObserver.swift */; };
		23C6E007225F0C31008140C3 /* Trie.swift in Sources */ = {isa = PBXBuildFile; fileRef = 23C6DFFD225F0C31008140C3 /* Trie.swift */; };
		23C6E008225F0C31008140C3 /* RouterManager.swift in Sources */ = {isa = PBXBuildFile; fileRef = 23C6DFFE225F0C31008140C3 /* RouterManager.swift */; };
		23C6E009225F0C31008140C3 /* URLRouterManager.swift in Sources */ = {isa = PBXBuildFile; fileRef = 23C6E000225F0C31008140C3 /* URLRouterManager.swift */; };
		23C6E00A225F0C31008140C3 /* URLControllerDisplay.swift in Sources */ = {isa = PBXBuildFile; fileRef = 23C6E002225F0C31008140C3 /* URLControllerDisplay.swift */; };
		23C6E00B225F0C31008140C3 /* ControllerRouterManager.swift in Sources */ = {isa = PBXBuildFile; fileRef = 23C6E003225F0C31008140C3 /* ControllerRouterManager.swift */; };
		23C6E00C225F0C31008140C3 /* Intent.swift in Sources */ = {isa = PBXBuildFile; fileRef = 23C6E004225F0C31008140C3 /* Intent.swift */; };
		23C6E017225F1158008140C3 /* SessionManager+ViewController.swift in Sources */ = {isa = PBXBuildFile; fileRef = 23C6E016225F1158008140C3 /* SessionManager+ViewController.swift */; };
		23DEFB472240E30400795E13 /* Request.swift in Sources */ = {isa = PBXBuildFile; fileRef = 23DEFB462240E30400795E13 /* Request.swift */; };
		23DEFB492240E42300795E13 /* Session.swift in Sources */ = {isa = PBXBuildFile; fileRef = 23DEFB482240E42300795E13 /* Session.swift */; };
		23DEFB4B2240F90B00795E13 /* Result.swift in Sources */ = {isa = PBXBuildFile; fileRef = 23DEFB4A2240F90B00795E13 /* Result.swift */; };
		23DEFB4D2240FA1C00795E13 /* SkyNetworkError.swift in Sources */ = {isa = PBXBuildFile; fileRef = 23DEFB4C2240FA1C00795E13 /* SkyNetworkError.swift */; };
		23DEFB4F2240FAB000795E13 /* Delegate.swift in Sources */ = {isa = PBXBuildFile; fileRef = 23DEFB4E2240FAB000795E13 /* Delegate.swift */; };
		23DEFB512241CB3A00795E13 /* ParameterEncoding.swift in Sources */ = {isa = PBXBuildFile; fileRef = 23DEFB502241CB3A00795E13 /* ParameterEncoding.swift */; };
		23DEFCD322433E2000795E13 /* UIColor+Sky.swift in Sources */ = {isa = PBXBuildFile; fileRef = 23DEFCD222433E2000795E13 /* UIColor+Sky.swift */; };
		23DEFCD62243425600795E13 /* HomeViewController.swift in Sources */ = {isa = PBXBuildFile; fileRef = 23DEFCD52243425600795E13 /* HomeViewController.swift */; };
		23DEFCD8224342A900795E13 /* HomeController.swift in Sources */ = {isa = PBXBuildFile; fileRef = 23DEFCD7224342A900795E13 /* HomeController.swift */; };
		23DEFCDB22435A5800795E13 /* ToolCollectionViewCell.swift in Sources */ = {isa = PBXBuildFile; fileRef = 23DEFCD922435A5800795E13 /* ToolCollectionViewCell.swift */; };
		23DEFCDC22435A5800795E13 /* ToolCollectionViewCell.xib in Resources */ = {isa = PBXBuildFile; fileRef = 23DEFCDA22435A5800795E13 /* ToolCollectionViewCell.xib */; };
		23DEFCE3224367A700795E13 /* AuthenticationCoordinator.swift in Sources */ = {isa = PBXBuildFile; fileRef = 23DEFCDE224367A700795E13 /* AuthenticationCoordinator.swift */; };
		23DEFCE4224367A700795E13 /* RegistViewController.swift in Sources */ = {isa = PBXBuildFile; fileRef = 23DEFCDF224367A700795E13 /* RegistViewController.swift */; };
		23DEFCE5224367A700795E13 /* ChangePasswordViewController.swift in Sources */ = {isa = PBXBuildFile; fileRef = 23DEFCE0224367A700795E13 /* ChangePasswordViewController.swift */; };
		23DEFCE7224367A700795E13 /* LoginViewController.swift in Sources */ = {isa = PBXBuildFile; fileRef = 23DEFCE2224367A700795E13 /* LoginViewController.swift */; };
		23DEFCE9224369F800795E13 /* YYKit.framework in Frameworks */ = {isa = PBXBuildFile; fileRef = 23DEFCE8224369F800795E13 /* YYKit.framework */; };
		23DEFCEC22436BE300795E13 /* Account.swift in Sources */ = {isa = PBXBuildFile; fileRef = 23DEFCEB22436BE300795E13 /* Account.swift */; };
		23DEFCEF22436D9600795E13 /* IQKeyboardManagerSwift.framework in Frameworks */ = {isa = PBXBuildFile; fileRef = 23DEFCEE22436D9500795E13 /* IQKeyboardManagerSwift.framework */; };
		23DEFCF1224373CD00795E13 /* AuthenNavigationViewController.swift in Sources */ = {isa = PBXBuildFile; fileRef = 23DEFCF0224373CD00795E13 /* AuthenNavigationViewController.swift */; };
		23DEFCF4224375FF00795E13 /* SessionManager.swift in Sources */ = {isa = PBXBuildFile; fileRef = 23DEFCF3224375FF00795E13 /* SessionManager.swift */; };
		23DEFCF7224383BA00795E13 /* KeyChainManager.swift in Sources */ = {isa = PBXBuildFile; fileRef = 23DEFCF6224383BA00795E13 /* KeyChainManager.swift */; };
		23DEFCFA2243898E00795E13 /* AccountManager.swift in Sources */ = {isa = PBXBuildFile; fileRef = 23DEFCF92243898E00795E13 /* AccountManager.swift */; };
		23DEFCFC22438C1800795E13 /* AccountStore.swift in Sources */ = {isa = PBXBuildFile; fileRef = 23DEFCFB22438C1800795E13 /* AccountStore.swift */; };
		23DEFCFF22438CFD00795E13 /* FileManager+Move.swift in Sources */ = {isa = PBXBuildFile; fileRef = 23DEFCFD22438CFC00795E13 /* FileManager+Move.swift */; };
		23DEFD0022438CFD00795E13 /* FileManager+Protection.swift in Sources */ = {isa = PBXBuildFile; fileRef = 23DEFCFE22438CFD00795E13 /* FileManager+Protection.swift */; };
		23DEFD0322439B6800795E13 /* LoginCredentials.swift in Sources */ = {isa = PBXBuildFile; fileRef = 23DEFD0222439B6800795E13 /* LoginCredentials.swift */; };
		23EAFEA1224C9C9600147950 /* MusicWebViewController.swift in Sources */ = {isa = PBXBuildFile; fileRef = 23EAFEA0224C9C9600147950 /* MusicWebViewController.swift */; };
		23F40E4822452D8600E08B04 /* Localizable.strings in Resources */ = {isa = PBXBuildFile; fileRef = 23F40E4A22452D8600E08B04 /* Localizable.strings */; };
		23F40E8122477DB000E08B04 /* SkyRequestTests.swift in Sources */ = {isa = PBXBuildFile; fileRef = 23F40E8022477DB000E08B04 /* SkyRequestTests.swift */; };
/* End PBXBuildFile section */

/* Begin PBXContainerItemProxy section */
		2383624B2240A032007B892D /* PBXContainerItemProxy */ = {
			isa = PBXContainerItemProxy;
			containerPortal = 2383622B2240A030007B892D /* Project object */;
			proxyType = 1;
			remoteGlobalIDString = 238362322240A030007B892D;
			remoteInfo = SkyTool;
		};
		238362562240A032007B892D /* PBXContainerItemProxy */ = {
			isa = PBXContainerItemProxy;
			containerPortal = 2383622B2240A030007B892D /* Project object */;
			proxyType = 1;
			remoteGlobalIDString = 238362322240A030007B892D;
			remoteInfo = SkyTool;
		};
/* End PBXContainerItemProxy section */

/* Begin PBXFileReference section */
		23006211225B87C000288DAA /* NavigationViewController.swift */ = {isa = PBXFileReference; lastKnownFileType = sourcecode.swift; path = NavigationViewController.swift; sourceTree = "<group>"; };
		2313D5C4225C7E3800BF5A20 /* UIApplication+URLs.swift */ = {isa = PBXFileReference; lastKnownFileType = sourcecode.swift; path = "UIApplication+URLs.swift"; sourceTree = "<group>"; };
		2313D5C6225C804E00BF5A20 /* SettingsButtonCellDescriptor.swift */ = {isa = PBXFileReference; lastKnownFileType = sourcecode.swift; path = SettingsButtonCellDescriptor.swift; sourceTree = "<group>"; };
		2313D5C8225C846A00BF5A20 /* SelfProfileViewController.swift */ = {isa = PBXFileReference; lastKnownFileType = sourcecode.swift; path = SelfProfileViewController.swift; sourceTree = "<group>"; };
		2313D5CA225C847700BF5A20 /* SelfProfileController.swift */ = {isa = PBXFileReference; lastKnownFileType = sourcecode.swift; path = SelfProfileController.swift; sourceTree = "<group>"; };
		2313D5CC225C860000BF5A20 /* SelfProfileHeaderView.swift */ = {isa = PBXFileReference; lastKnownFileType = sourcecode.swift; path = SelfProfileHeaderView.swift; sourceTree = "<group>"; };
		2313D5CE225C860E00BF5A20 /* SelfProfileHeaderView.xib */ = {isa = PBXFileReference; lastKnownFileType = file.xib; path = SelfProfileHeaderView.xib; sourceTree = "<group>"; };
		2313D5D0225D7C1400BF5A20 /* UIViewController+addViewController.swift */ = {isa = PBXFileReference; fileEncoding = 4; lastKnownFileType = sourcecode.swift; path = "UIViewController+addViewController.swift"; sourceTree = "<group>"; };
		2313D5D2225D8E8800BF5A20 /* Request_User.swift */ = {isa = PBXFileReference; lastKnownFileType = sourcecode.swift; path = Request_User.swift; sourceTree = "<group>"; };
		2319B509224B69FF004546A6 /* pitches.xml */ = {isa = PBXFileReference; lastKnownFileType = text.xml; path = pitches.xml; sourceTree = "<group>"; };
		2319B514224B8150004546A6 /* MIDI_sample.mid */ = {isa = PBXFileReference; lastKnownFileType = audio.midi; path = MIDI_sample.mid; sourceTree = "<group>"; };
		2319B516224B8202004546A6 /* Binchois.musicxml */ = {isa = PBXFileReference; fileEncoding = 4; lastKnownFileType = text.xml; path = Binchois.musicxml; sourceTree = "<group>"; };
		234FE32222446FE100A89071 /* SettingsPropertyTextCellDescriptor.swift */ = {isa = PBXFileReference; lastKnownFileType = sourcecode.swift; path = SettingsPropertyTextCellDescriptor.swift; sourceTree = "<group>"; };
		234FE32422447B7F00A89071 /* TailEditingTextField.swift */ = {isa = PBXFileReference; fileEncoding = 4; lastKnownFileType = sourcecode.swift; path = TailEditingTextField.swift; sourceTree = "<group>"; };
		234FE3292244B47A00A89071 /* SkyColorTest.swift */ = {isa = PBXFileReference; lastKnownFileType = sourcecode.swift; path = SkyColorTest.swift; sourceTree = "<group>"; };
		234FE32D2244B7F600A89071 /* blue.json */ = {isa = PBXFileReference; lastKnownFileType = text.json; path = blue.json; sourceTree = "<group>"; };
		23603C52224DADAE00B8AC88 /* NoteAttribute.swift */ = {isa = PBXFileReference; lastKnownFileType = sourcecode.swift; path = NoteAttribute.swift; sourceTree = "<group>"; };
		23603C54224DB48F00B8AC88 /* vexflow */ = {isa = PBXFileReference; lastKnownFileType = folder; path = vexflow; sourceTree = "<group>"; };
		2378607F2261A4F2008BD562 /* MissionTask.swift */ = {isa = PBXFileReference; fileEncoding = 4; lastKnownFileType = sourcecode.swift; path = MissionTask.swift; sourceTree = "<group>"; };
		237860802261A4F2008BD562 /* MissionType.swift */ = {isa = PBXFileReference; fileEncoding = 4; lastKnownFileType = sourcecode.swift; path = MissionType.swift; sourceTree = "<group>"; };
		237860842261ACC4008BD562 /* Command.swift */ = {isa = PBXFileReference; fileEncoding = 4; lastKnownFileType = sourcecode.swift; path = Command.swift; sourceTree = "<group>"; };
		237860852261ACC4008BD562 /* CommandManager.swift */ = {isa = PBXFileReference; fileEncoding = 4; lastKnownFileType = sourcecode.swift; path = CommandManager.swift; sourceTree = "<group>"; };
		237860882261B610008BD562 /* RssListViewController.swift */ = {isa = PBXFileReference; lastKnownFileType = sourcecode.swift; path = RssListViewController.swift; sourceTree = "<group>"; };
		2378608B2261B68D008BD562 /* RssController.swift */ = {isa = PBXFileReference; lastKnownFileType = sourcecode.swift; path = RssController.swift; sourceTree = "<group>"; };
		2378608D2261BBEC008BD562 /* Request_Rss.swift */ = {isa = PBXFileReference; lastKnownFileType = sourcecode.swift; path = Request_Rss.swift; sourceTree = "<group>"; };
		2378608F2261BD5C008BD562 /* Rss.swift */ = {isa = PBXFileReference; lastKnownFileType = sourcecode.swift; path = Rss.swift; sourceTree = "<group>"; };
		237860952263326C008BD562 /* MissionCommand.swift */ = {isa = PBXFileReference; lastKnownFileType = sourcecode.swift; path = MissionCommand.swift; sourceTree = "<group>"; };
		238362332240A030007B892D /* SkyTool.app */ = {isa = PBXFileReference; explicitFileType = wrapper.application; includeInIndex = 0; path = SkyTool.app; sourceTree = BUILT_PRODUCTS_DIR; };
		238362362240A030007B892D /* AppDelegate.swift */ = {isa = PBXFileReference; lastKnownFileType = sourcecode.swift; path = AppDelegate.swift; sourceTree = "<group>"; };
		238362382240A030007B892D /* ViewController.swift */ = {isa = PBXFileReference; lastKnownFileType = sourcecode.swift; path = ViewController.swift; sourceTree = "<group>"; };
		2383623B2240A030007B892D /* Base */ = {isa = PBXFileReference; lastKnownFileType = file.storyboard; name = Base; path = Base.lproj/Main.storyboard; sourceTree = "<group>"; };
		2383623E2240A030007B892D /* SkyTool.xcdatamodel */ = {isa = PBXFileReference; lastKnownFileType = wrapper.xcdatamodel; path = SkyTool.xcdatamodel; sourceTree = "<group>"; };
		238362402240A032007B892D /* Assets.xcassets */ = {isa = PBXFileReference; lastKnownFileType = folder.assetcatalog; path = Assets.xcassets; sourceTree = "<group>"; };
		238362432240A032007B892D /* Base */ = {isa = PBXFileReference; lastKnownFileType = file.storyboard; name = Base; path = Base.lproj/LaunchScreen.storyboard; sourceTree = "<group>"; };
		2383624A2240A032007B892D /* SkyToolTests.xctest */ = {isa = PBXFileReference; explicitFileType = wrapper.cfbundle; includeInIndex = 0; path = SkyToolTests.xctest; sourceTree = BUILT_PRODUCTS_DIR; };
		238362502240A032007B892D /* Info.plist */ = {isa = PBXFileReference; lastKnownFileType = text.plist.xml; path = Info.plist; sourceTree = "<group>"; };
		238362552240A032007B892D /* SkyToolUITests.xctest */ = {isa = PBXFileReference; explicitFileType = wrapper.cfbundle; includeInIndex = 0; path = SkyToolUITests.xctest; sourceTree = BUILT_PRODUCTS_DIR; };
		238362592240A032007B892D /* SkyToolUITests.swift */ = {isa = PBXFileReference; lastKnownFileType = sourcecode.swift; path = SkyToolUITests.swift; sourceTree = "<group>"; };
		2383625B2240A032007B892D /* Info.plist */ = {isa = PBXFileReference; lastKnownFileType = text.plist.xml; path = Info.plist; sourceTree = "<group>"; };
		238362682240A8A0007B892D /* MBProgressHUD.framework */ = {isa = PBXFileReference; lastKnownFileType = wrapper.framework; name = MBProgressHUD.framework; path = Carthage/Build/iOS/MBProgressHUD.framework; sourceTree = "<group>"; };
		238362702240B7E3007B892D /* SettingsProperty.swift */ = {isa = PBXFileReference; fileEncoding = 4; lastKnownFileType = sourcecode.swift; path = SettingsProperty.swift; sourceTree = "<group>"; };
		238362712240B7E3007B892D /* Settings.swift */ = {isa = PBXFileReference; fileEncoding = 4; lastKnownFileType = sourcecode.swift; path = Settings.swift; sourceTree = "<group>"; };
		238362722240B7E3007B892D /* SettingsPropertyFactory.swift */ = {isa = PBXFileReference; fileEncoding = 4; lastKnownFileType = sourcecode.swift; path = SettingsPropertyFactory.swift; sourceTree = "<group>"; };
		238362742240B7E3007B892D /* UIFont+DynmicType.swift */ = {isa = PBXFileReference; fileEncoding = 4; lastKnownFileType = sourcecode.swift; path = "UIFont+DynmicType.swift"; sourceTree = "<group>"; };
		238362752240B7E3007B892D /* ColorScheme.swift */ = {isa = PBXFileReference; fileEncoding = 4; lastKnownFileType = sourcecode.swift; path = ColorScheme.swift; sourceTree = "<group>"; };
		238362762240B7E3007B892D /* String+localized.swift */ = {isa = PBXFileReference; fileEncoding = 4; lastKnownFileType = sourcecode.swift; path = "String+localized.swift"; sourceTree = "<group>"; };
		238362772240B7E3007B892D /* UIColor+utils.swift */ = {isa = PBXFileReference; fileEncoding = 4; lastKnownFileType = sourcecode.swift; path = "UIColor+utils.swift"; sourceTree = "<group>"; };
		238362782240B7E3007B892D /* Reusable.swift */ = {isa = PBXFileReference; fileEncoding = 4; lastKnownFileType = sourcecode.swift; path = Reusable.swift; sourceTree = "<group>"; };
		238362792240B7E3007B892D /* UIFont+FontSpec.swift */ = {isa = PBXFileReference; fileEncoding = 4; lastKnownFileType = sourcecode.swift; path = "UIFont+FontSpec.swift"; sourceTree = "<group>"; };
		2383627A2240B7E3007B892D /* FontScheme.swift */ = {isa = PBXFileReference; fileEncoding = 4; lastKnownFileType = sourcecode.swift; path = FontScheme.swift; sourceTree = "<group>"; };
		2383627B2240B7E3007B892D /* UIApplication+statusBar.swift */ = {isa = PBXFileReference; fileEncoding = 4; lastKnownFileType = sourcecode.swift; path = "UIApplication+statusBar.swift"; sourceTree = "<group>"; };
		2383627C2240B7E3007B892D /* UIViewController+Orientation.swift */ = {isa = PBXFileReference; fileEncoding = 4; lastKnownFileType = sourcecode.swift; path = "UIViewController+Orientation.swift"; sourceTree = "<group>"; };
		2383627D2240B7E3007B892D /* String+utils.swift */ = {isa = PBXFileReference; fileEncoding = 4; lastKnownFileType = sourcecode.swift; path = "String+utils.swift"; sourceTree = "<group>"; };
		2383627E2240B7E3007B892D /* Dispatch+delay.swift */ = {isa = PBXFileReference; fileEncoding = 4; lastKnownFileType = sourcecode.swift; path = "Dispatch+delay.swift"; sourceTree = "<group>"; };
		238362802240B7E3007B892D /* ButtonWithLargerHitArea.swift */ = {isa = PBXFileReference; fileEncoding = 4; lastKnownFileType = sourcecode.swift; path = ButtonWithLargerHitArea.swift; sourceTree = "<group>"; };
		238362832240B7E3007B892D /* SettingsCell.swift */ = {isa = PBXFileReference; fileEncoding = 4; lastKnownFileType = sourcecode.swift; path = SettingsCell.swift; sourceTree = "<group>"; };
		238362852240B7E3007B892D /* SettingsExternalScreenCellDescriptor.swift */ = {isa = PBXFileReference; fileEncoding = 4; lastKnownFileType = sourcecode.swift; path = SettingsExternalScreenCellDescriptor.swift; sourceTree = "<group>"; };
		238362862240B7E3007B892D /* SettingsCellDescriptor.swift */ = {isa = PBXFileReference; fileEncoding = 4; lastKnownFileType = sourcecode.swift; path = SettingsCellDescriptor.swift; sourceTree = "<group>"; };
		238362872240B7E3007B892D /* SettingsCellDescriptorFactory.swift */ = {isa = PBXFileReference; fileEncoding = 4; lastKnownFileType = sourcecode.swift; path = SettingsCellDescriptorFactory.swift; sourceTree = "<group>"; };
		238362882240B7E3007B892D /* SettingsStaticTextCellDescriptor.swift */ = {isa = PBXFileReference; fileEncoding = 4; lastKnownFileType = sourcecode.swift; path = SettingsStaticTextCellDescriptor.swift; sourceTree = "<group>"; };
		238362892240B7E3007B892D /* SettingsCellDescriptorFactory+DebugOption.swift */ = {isa = PBXFileReference; fileEncoding = 4; lastKnownFileType = sourcecode.swift; path = "SettingsCellDescriptorFactory+DebugOption.swift"; sourceTree = "<group>"; };
		2383628A2240B7E3007B892D /* SettingsPropertyToggleCellDescriptor.swift */ = {isa = PBXFileReference; fileEncoding = 4; lastKnownFileType = sourcecode.swift; path = SettingsPropertyToggleCellDescriptor.swift; sourceTree = "<group>"; };
		2383628B2240B7E3007B892D /* SettingsViewController.swift */ = {isa = PBXFileReference; fileEncoding = 4; lastKnownFileType = sourcecode.swift; path = SettingsViewController.swift; sourceTree = "<group>"; };
		2383628D2240B7E3007B892D /* WebViewController.swift */ = {isa = PBXFileReference; fileEncoding = 4; lastKnownFileType = sourcecode.swift; path = WebViewController.swift; sourceTree = "<group>"; };
		238362902240B7E3007B892D /* AppState.swift */ = {isa = PBXFileReference; fileEncoding = 4; lastKnownFileType = sourcecode.swift; path = AppState.swift; sourceTree = "<group>"; };
		238362912240B7E3007B892D /* AppStateController.swift */ = {isa = PBXFileReference; fileEncoding = 4; lastKnownFileType = sourcecode.swift; path = AppStateController.swift; sourceTree = "<group>"; };
		238362922240B7E3007B892D /* AppRootViewController.swift */ = {isa = PBXFileReference; fileEncoding = 4; lastKnownFileType = sourcecode.swift; path = AppRootViewController.swift; sourceTree = "<group>"; };
		238362942240B7E3007B892D /* MainTabBarViewController.swift */ = {isa = PBXFileReference; fileEncoding = 4; lastKnownFileType = sourcecode.swift; path = MainTabBarViewController.swift; sourceTree = "<group>"; };
		238362962240B7E3007B892D /* DebugOption.swift */ = {isa = PBXFileReference; fileEncoding = 4; lastKnownFileType = sourcecode.swift; path = DebugOption.swift; sourceTree = "<group>"; };
		238362972240B7E3007B892D /* Helpers.swift */ = {isa = PBXFileReference; fileEncoding = 4; lastKnownFileType = sourcecode.swift; path = Helpers.swift; sourceTree = "<group>"; };
		238362982240B7E3007B892D /* Config.swift */ = {isa = PBXFileReference; fileEncoding = 4; lastKnownFileType = sourcecode.swift; path = Config.swift; sourceTree = "<group>"; };
		238362992240B7E3007B892D /* SettingsPropertyName.swift */ = {isa = PBXFileReference; fileEncoding = 4; lastKnownFileType = sourcecode.swift; path = SettingsPropertyName.swift; sourceTree = "<group>"; };
		238362BA2240B7FC007B892D /* PureLayout.framework */ = {isa = PBXFileReference; lastKnownFileType = wrapper.framework; name = PureLayout.framework; path = Carthage/Build/iOS/PureLayout.framework; sourceTree = "<group>"; };
		238BAC55225F356C00EEA88D /* Pitchy.framework */ = {isa = PBXFileReference; lastKnownFileType = wrapper.framework; name = Pitchy.framework; path = Carthage/Build/iOS/Pitchy.framework; sourceTree = "<group>"; };
		238BAC57225F370500EEA88D /* Note.swift */ = {isa = PBXFileReference; lastKnownFileType = sourcecode.swift; path = Note.swift; sourceTree = "<group>"; };
		238BAC59225F39D600EEA88D /* SkyNoteTest.swift */ = {isa = PBXFileReference; lastKnownFileType = sourcecode.swift; path = SkyNoteTest.swift; sourceTree = "<group>"; };
		23A296902260221B007C328F /* Recorder.swift */ = {isa = PBXFileReference; lastKnownFileType = sourcecode.swift; path = Recorder.swift; sourceTree = "<group>"; };
		23A29693226034BA007C328F /* SignalTracker.swift */ = {isa = PBXFileReference; lastKnownFileType = sourcecode.swift; path = SignalTracker.swift; sourceTree = "<group>"; };
		23A296972260356F007C328F /* InputSignalTracker.swift */ = {isa = PBXFileReference; lastKnownFileType = sourcecode.swift; path = InputSignalTracker.swift; sourceTree = "<group>"; };
		23A2969922603C5F007C328F /* SimulatorSignalTracker.swift */ = {isa = PBXFileReference; lastKnownFileType = sourcecode.swift; path = SimulatorSignalTracker.swift; sourceTree = "<group>"; };
		23C33B4222486FA300E82D00 /* MIDI_sample.mid */ = {isa = PBXFileReference; lastKnownFileType = audio.midi; path = MIDI_sample.mid; sourceTree = "<group>"; };
		23C33B47224871B500E82D00 /* SocketIO.framework */ = {isa = PBXFileReference; lastKnownFileType = wrapper.framework; name = SocketIO.framework; path = Carthage/Build/iOS/SocketIO.framework; sourceTree = "<group>"; };
		23C33B49224873E900E82D00 /* Easy_Ver.mxl */ = {isa = PBXFileReference; lastKnownFileType = file; path = Easy_Ver.mxl; sourceTree = "<group>"; };
		23C33B4C22487A6100E82D00 /* xmlDemo.xml */ = {isa = PBXFileReference; lastKnownFileType = text.xml; path = xmlDemo.xml; sourceTree = "<group>"; };
		23C33B622248AE7000E82D00 /* Cartfile */ = {isa = PBXFileReference; fileEncoding = 4; lastKnownFileType = text; path = Cartfile; sourceTree = "<group>"; };
		23C33B642248AEEF00E82D00 /* XMLCoder.framework */ = {isa = PBXFileReference; lastKnownFileType = wrapper.framework; name = XMLCoder.framework; path = Carthage/Build/iOS/XMLCoder.framework; sourceTree = "<group>"; };
		23C33BAE2248D18D00E82D00 /* XMLParsing.framework */ = {isa = PBXFileReference; lastKnownFileType = wrapper.framework; name = XMLParsing.framework; path = Carthage/Build/iOS/XMLParsing.framework; sourceTree = "<group>"; };
		23C6DFEF225D9973008140C3 /* LaunchImageViewController.swift */ = {isa = PBXFileReference; lastKnownFileType = sourcecode.swift; path = LaunchImageViewController.swift; sourceTree = "<group>"; };
		23C6DFF1225D99DB008140C3 /* LaunchScreen.swift */ = {isa = PBXFileReference; lastKnownFileType = sourcecode.swift; path = LaunchScreen.swift; sourceTree = "<group>"; };
		23C6DFF3225D99E2008140C3 /* LaunchScreen.xib */ = {isa = PBXFileReference; lastKnownFileType = file.xib; path = LaunchScreen.xib; sourceTree = "<group>"; };
		23C6DFF5225DBDB8008140C3 /* Images.xcassets */ = {isa = PBXFileReference; lastKnownFileType = folder.assetcatalog; path = Images.xcassets; sourceTree = "<group>"; };
		23C6DFF7225EEC1D008140C3 /* TokenObserver.swift */ = {isa = PBXFileReference; lastKnownFileType = sourcecode.swift; path = TokenObserver.swift; sourceTree = "<group>"; };
		23C6DFFD225F0C31008140C3 /* Trie.swift */ = {isa = PBXFileReference; fileEncoding = 4; lastKnownFileType = sourcecode.swift; path = Trie.swift; sourceTree = "<group>"; };
		23C6DFFE225F0C31008140C3 /* RouterManager.swift */ = {isa = PBXFileReference; fileEncoding = 4; lastKnownFileType = sourcecode.swift; path = RouterManager.swift; sourceTree = "<group>"; };
		23C6E000225F0C31008140C3 /* URLRouterManager.swift */ = {isa = PBXFileReference; fileEncoding = 4; lastKnownFileType = sourcecode.swift; path = URLRouterManager.swift; sourceTree = "<group>"; };
		23C6E002225F0C31008140C3 /* URLControllerDisplay.swift */ = {isa = PBXFileReference; fileEncoding = 4; lastKnownFileType = sourcecode.swift; path = URLControllerDisplay.swift; sourceTree = "<group>"; };
		23C6E003225F0C31008140C3 /* ControllerRouterManager.swift */ = {isa = PBXFileReference; fileEncoding = 4; lastKnownFileType = sourcecode.swift; path = ControllerRouterManager.swift; sourceTree = "<group>"; };
		23C6E004225F0C31008140C3 /* Intent.swift */ = {isa = PBXFileReference; fileEncoding = 4; lastKnownFileType = sourcecode.swift; path = Intent.swift; sourceTree = "<group>"; };
		23C6E016225F1158008140C3 /* SessionManager+ViewController.swift */ = {isa = PBXFileReference; lastKnownFileType = sourcecode.swift; path = "SessionManager+ViewController.swift"; sourceTree = "<group>"; };
		23DEFB462240E30400795E13 /* Request.swift */ = {isa = PBXFileReference; lastKnownFileType = sourcecode.swift; path = Request.swift; sourceTree = "<group>"; };
		23DEFB482240E42300795E13 /* Session.swift */ = {isa = PBXFileReference; lastKnownFileType = sourcecode.swift; path = Session.swift; sourceTree = "<group>"; };
		23DEFB4A2240F90B00795E13 /* Result.swift */ = {isa = PBXFileReference; lastKnownFileType = sourcecode.swift; path = Result.swift; sourceTree = "<group>"; };
		23DEFB4C2240FA1C00795E13 /* SkyNetworkError.swift */ = {isa = PBXFileReference; lastKnownFileType = sourcecode.swift; path = SkyNetworkError.swift; sourceTree = "<group>"; };
		23DEFB4E2240FAB000795E13 /* Delegate.swift */ = {isa = PBXFileReference; lastKnownFileType = sourcecode.swift; path = Delegate.swift; sourceTree = "<group>"; };
		23DEFB502241CB3A00795E13 /* ParameterEncoding.swift */ = {isa = PBXFileReference; lastKnownFileType = sourcecode.swift; path = ParameterEncoding.swift; sourceTree = "<group>"; };
		23DEFCD222433E2000795E13 /* UIColor+Sky.swift */ = {isa = PBXFileReference; lastKnownFileType = sourcecode.swift; path = "UIColor+Sky.swift"; sourceTree = "<group>"; };
		23DEFCD52243425600795E13 /* HomeViewController.swift */ = {isa = PBXFileReference; lastKnownFileType = sourcecode.swift; path = HomeViewController.swift; sourceTree = "<group>"; };
		23DEFCD7224342A900795E13 /* HomeController.swift */ = {isa = PBXFileReference; lastKnownFileType = sourcecode.swift; path = HomeController.swift; sourceTree = "<group>"; };
		23DEFCD922435A5800795E13 /* ToolCollectionViewCell.swift */ = {isa = PBXFileReference; lastKnownFileType = sourcecode.swift; path = ToolCollectionViewCell.swift; sourceTree = "<group>"; };
		23DEFCDA22435A5800795E13 /* ToolCollectionViewCell.xib */ = {isa = PBXFileReference; lastKnownFileType = file.xib; path = ToolCollectionViewCell.xib; sourceTree = "<group>"; };
		23DEFCDE224367A700795E13 /* AuthenticationCoordinator.swift */ = {isa = PBXFileReference; fileEncoding = 4; lastKnownFileType = sourcecode.swift; path = AuthenticationCoordinator.swift; sourceTree = "<group>"; };
		23DEFCDF224367A700795E13 /* RegistViewController.swift */ = {isa = PBXFileReference; fileEncoding = 4; lastKnownFileType = sourcecode.swift; path = RegistViewController.swift; sourceTree = "<group>"; };
		23DEFCE0224367A700795E13 /* ChangePasswordViewController.swift */ = {isa = PBXFileReference; fileEncoding = 4; lastKnownFileType = sourcecode.swift; path = ChangePasswordViewController.swift; sourceTree = "<group>"; };
		23DEFCE2224367A700795E13 /* LoginViewController.swift */ = {isa = PBXFileReference; fileEncoding = 4; lastKnownFileType = sourcecode.swift; path = LoginViewController.swift; sourceTree = "<group>"; };
		23DEFCE8224369F800795E13 /* YYKit.framework */ = {isa = PBXFileReference; lastKnownFileType = wrapper.framework; name = YYKit.framework; path = Carthage/Build/iOS/YYKit.framework; sourceTree = "<group>"; };
		23DEFCEB22436BE300795E13 /* Account.swift */ = {isa = PBXFileReference; lastKnownFileType = sourcecode.swift; path = Account.swift; sourceTree = "<group>"; };
		23DEFCED22436CA700795E13 /* SkyTool.entitlements */ = {isa = PBXFileReference; lastKnownFileType = text.plist.entitlements; path = SkyTool.entitlements; sourceTree = "<group>"; };
		23DEFCEE22436D9500795E13 /* IQKeyboardManagerSwift.framework */ = {isa = PBXFileReference; lastKnownFileType = wrapper.framework; name = IQKeyboardManagerSwift.framework; path = Carthage/Build/iOS/IQKeyboardManagerSwift.framework; sourceTree = "<group>"; };
		23DEFCF0224373CD00795E13 /* AuthenNavigationViewController.swift */ = {isa = PBXFileReference; lastKnownFileType = sourcecode.swift; path = AuthenNavigationViewController.swift; sourceTree = "<group>"; };
		23DEFCF3224375FF00795E13 /* SessionManager.swift */ = {isa = PBXFileReference; lastKnownFileType = sourcecode.swift; path = SessionManager.swift; sourceTree = "<group>"; };
		23DEFCF6224383BA00795E13 /* KeyChainManager.swift */ = {isa = PBXFileReference; lastKnownFileType = sourcecode.swift; path = KeyChainManager.swift; sourceTree = "<group>"; };
		23DEFCF92243898E00795E13 /* AccountManager.swift */ = {isa = PBXFileReference; lastKnownFileType = sourcecode.swift; path = AccountManager.swift; sourceTree = "<group>"; };
		23DEFCFB22438C1800795E13 /* AccountStore.swift */ = {isa = PBXFileReference; lastKnownFileType = sourcecode.swift; path = AccountStore.swift; sourceTree = "<group>"; };
		23DEFCFD22438CFC00795E13 /* FileManager+Move.swift */ = {isa = PBXFileReference; fileEncoding = 4; lastKnownFileType = sourcecode.swift; path = "FileManager+Move.swift"; sourceTree = "<group>"; };
		23DEFCFE22438CFD00795E13 /* FileManager+Protection.swift */ = {isa = PBXFileReference; fileEncoding = 4; lastKnownFileType = sourcecode.swift; path = "FileManager+Protection.swift"; sourceTree = "<group>"; };
		23DEFD0222439B6800795E13 /* LoginCredentials.swift */ = {isa = PBXFileReference; lastKnownFileType = sourcecode.swift; path = LoginCredentials.swift; sourceTree = "<group>"; };
		23EAFEA0224C9C9600147950 /* MusicWebViewController.swift */ = {isa = PBXFileReference; lastKnownFileType = sourcecode.swift; path = MusicWebViewController.swift; sourceTree = "<group>"; };
		23F40E4122452C9500E08B04 /* Base */ = {isa = PBXFileReference; lastKnownFileType = text.plist.xml; name = Base; path = Base.lproj/Info.plist; sourceTree = "<group>"; };
		23F40E4622452D7900E08B04 /* zh-Hans */ = {isa = PBXFileReference; lastKnownFileType = text.plist.strings; name = "zh-Hans"; path = "zh-Hans.lproj/LaunchScreen.strings"; sourceTree = "<group>"; };
		23F40E4922452D8600E08B04 /* zh-Hans */ = {isa = PBXFileReference; lastKnownFileType = text.plist.strings; name = "zh-Hans"; path = "zh-Hans.lproj/Localizable.strings"; sourceTree = "<group>"; };
		23F40E4B22452D9100E08B04 /* en */ = {isa = PBXFileReference; lastKnownFileType = text.plist.strings; name = en; path = en.lproj/Localizable.strings; sourceTree = "<group>"; };
		23F40E8022477DB000E08B04 /* SkyRequestTests.swift */ = {isa = PBXFileReference; lastKnownFileType = sourcecode.swift; path = SkyRequestTests.swift; sourceTree = "<group>"; };
/* End PBXFileReference section */

/* Begin PBXFrameworksBuildPhase section */
		238362302240A030007B892D /* Frameworks */ = {
			isa = PBXFrameworksBuildPhase;
			buildActionMask = 2147483647;
			files = (
				23DEFCEF22436D9600795E13 /* IQKeyboardManagerSwift.framework in Frameworks */,
				23DEFCE9224369F800795E13 /* YYKit.framework in Frameworks */,
				238362BC2240B8AA007B892D /* MBProgressHUD.framework in Frameworks */,
				238362BB2240B7FC007B892D /* PureLayout.framework in Frameworks */,
			);
			runOnlyForDeploymentPostprocessing = 0;
		};
		238362472240A032007B892D /* Frameworks */ = {
			isa = PBXFrameworksBuildPhase;
			buildActionMask = 2147483647;
			files = (
			);
			runOnlyForDeploymentPostprocessing = 0;
		};
		238362522240A032007B892D /* Frameworks */ = {
			isa = PBXFrameworksBuildPhase;
			buildActionMask = 2147483647;
			files = (
			);
			runOnlyForDeploymentPostprocessing = 0;
		};
/* End PBXFrameworksBuildPhase section */

/* Begin PBXGroup section */
		2313D5C1225C675C00BF5A20 /* Requests */ = {
			isa = PBXGroup;
			children = (
				2313D5D2225D8E8800BF5A20 /* Request_User.swift */,
				2378608D2261BBEC008BD562 /* Request_Rss.swift */,
			);
			path = Requests;
			sourceTree = "<group>";
		};
		2319B4CB224B679C004546A6 /* Music */ = {
			isa = PBXGroup;
			children = (
				23603C52224DADAE00B8AC88 /* NoteAttribute.swift */,
				238BAC57225F370500EEA88D /* Note.swift */,
			);
			path = Music;
			sourceTree = "<group>";
		};
		234FE34E2244BFD000A89071 /* ColorTheme */ = {
			isa = PBXGroup;
			children = (
				238362752240B7E3007B892D /* ColorScheme.swift */,
			);
			path = ColorTheme;
			sourceTree = "<group>";
		};
		2378607E2261A4EA008BD562 /* MissionTask */ = {
			isa = PBXGroup;
			children = (
				2378607F2261A4F2008BD562 /* MissionTask.swift */,
				237860802261A4F2008BD562 /* MissionType.swift */,
				237860952263326C008BD562 /* MissionCommand.swift */,
			);
			path = MissionTask;
			sourceTree = "<group>";
		};
		237860832261ACC4008BD562 /* Command */ = {
			isa = PBXGroup;
			children = (
				237860842261ACC4008BD562 /* Command.swift */,
				237860852261ACC4008BD562 /* CommandManager.swift */,
			);
			path = Command;
			sourceTree = "<group>";
		};
		2378608A2261B618008BD562 /* Rss */ = {
			isa = PBXGroup;
			children = (
				237860882261B610008BD562 /* RssListViewController.swift */,
				2378608B2261B68D008BD562 /* RssController.swift */,
			);
			path = Rss;
			sourceTree = "<group>";
		};
		2383622A2240A030007B892D = {
			isa = PBXGroup;
			children = (
				23C33B622248AE7000E82D00 /* Cartfile */,
				238362352240A030007B892D /* SkyTool */,
				2383624D2240A032007B892D /* SkyToolTests */,
				238362582240A032007B892D /* SkyToolUITests */,
				238362342240A030007B892D /* Products */,
				238362672240A8A0007B892D /* Frameworks */,
			);
			sourceTree = "<group>";
		};
		238362342240A030007B892D /* Products */ = {
			isa = PBXGroup;
			children = (
				238362332240A030007B892D /* SkyTool.app */,
				2383624A2240A032007B892D /* SkyToolTests.xctest */,
				238362552240A032007B892D /* SkyToolUITests.xctest */,
			);
			name = Products;
			sourceTree = "<group>";
		};
		238362352240A030007B892D /* SkyTool */ = {
			isa = PBXGroup;
			children = (
				23DEFCED22436CA700795E13 /* SkyTool.entitlements */,
				2383626B2240B7E3007B892D /* Libraries */,
				2383626C2240B7E3007B892D /* Resources */,
				2383626D2240B7E3007B892D /* SourceCode */,
				238362BD2240B9CC007B892D /* Support Files */,
				23C6DFF5225DBDB8008140C3 /* Images.xcassets */,
			);
			path = SkyTool;
			sourceTree = "<group>";
		};
		2383624D2240A032007B892D /* SkyToolTests */ = {
			isa = PBXGroup;
			children = (
				23C33B4E224882C400E82D00 /* Resources */,
				234FE3292244B47A00A89071 /* SkyColorTest.swift */,
				238BAC59225F39D600EEA88D /* SkyNoteTest.swift */,
				23F40E8022477DB000E08B04 /* SkyRequestTests.swift */,
				238362502240A032007B892D /* Info.plist */,
			);
			path = SkyToolTests;
			sourceTree = "<group>";
		};
		238362582240A032007B892D /* SkyToolUITests */ = {
			isa = PBXGroup;
			children = (
				238362592240A032007B892D /* SkyToolUITests.swift */,
				2383625B2240A032007B892D /* Info.plist */,
			);
			path = SkyToolUITests;
			sourceTree = "<group>";
		};
		238362672240A8A0007B892D /* Frameworks */ = {
			isa = PBXGroup;
			children = (
				238BAC55225F356C00EEA88D /* Pitchy.framework */,
				23C33BAE2248D18D00E82D00 /* XMLParsing.framework */,
				23C33B642248AEEF00E82D00 /* XMLCoder.framework */,
				23C33B47224871B500E82D00 /* SocketIO.framework */,
				23DEFCEE22436D9500795E13 /* IQKeyboardManagerSwift.framework */,
				23DEFCE8224369F800795E13 /* YYKit.framework */,
				238362BA2240B7FC007B892D /* PureLayout.framework */,
				238362682240A8A0007B892D /* MBProgressHUD.framework */,
			);
			name = Frameworks;
			sourceTree = "<group>";
		};
		2383626B2240B7E3007B892D /* Libraries */ = {
			isa = PBXGroup;
			children = (
			);
			path = Libraries;
			sourceTree = "<group>";
		};
		2383626C2240B7E3007B892D /* Resources */ = {
			isa = PBXGroup;
			children = (
				23603C54224DB48F00B8AC88 /* vexflow */,
				2319B516224B8202004546A6 /* Binchois.musicxml */,
				2319B514224B8150004546A6 /* MIDI_sample.mid */,
				2319B509224B69FF004546A6 /* pitches.xml */,
			);
			path = Resources;
			sourceTree = "<group>";
		};
		2383626D2240B7E3007B892D /* SourceCode */ = {
			isa = PBXGroup;
			children = (
				23DEFCEA22436BC500795E13 /* Models */,
				2383626E2240B7E3007B892D /* Component */,
				238362812240B7E3007B892D /* UserInterface */,
				238362952240B7E3007B892D /* Helpers */,
			);
			path = SourceCode;
			sourceTree = "<group>";
		};
		2383626E2240B7E3007B892D /* Component */ = {
			isa = PBXGroup;
			children = (
				237860832261ACC4008BD562 /* Command */,
				23C6DFF9225F0C31008140C3 /* RouterMananger */,
				2313D5C1225C675C00BF5A20 /* Requests */,
				234FE34E2244BFD000A89071 /* ColorTheme */,
				23DEFCF5224383A700795E13 /* KeyChainManager */,
				23DEFCF2224375EB00795E13 /* SessionManager */,
				23DEFB452240E2A600795E13 /* Http */,
				2383626F2240B7E3007B892D /* Settings */,
				238362732240B7E3007B892D /* Utils */,
				2383627F2240B7E3007B892D /* Views */,
				23C0C9F4225B868700349507 /* ViewControllers */,
				23A2969222602220007C328F /* Recorder */,
			);
			path = Component;
			sourceTree = "<group>";
		};
		2383626F2240B7E3007B892D /* Settings */ = {
			isa = PBXGroup;
			children = (
				238362702240B7E3007B892D /* SettingsProperty.swift */,
				238362712240B7E3007B892D /* Settings.swift */,
				238362722240B7E3007B892D /* SettingsPropertyFactory.swift */,
			);
			path = Settings;
			sourceTree = "<group>";
		};
		238362732240B7E3007B892D /* Utils */ = {
			isa = PBXGroup;
			children = (
				238362742240B7E3007B892D /* UIFont+DynmicType.swift */,
				238362762240B7E3007B892D /* String+localized.swift */,
				238362772240B7E3007B892D /* UIColor+utils.swift */,
				238362782240B7E3007B892D /* Reusable.swift */,
				238362792240B7E3007B892D /* UIFont+FontSpec.swift */,
				2383627A2240B7E3007B892D /* FontScheme.swift */,
				2383627B2240B7E3007B892D /* UIApplication+statusBar.swift */,
				2383627C2240B7E3007B892D /* UIViewController+Orientation.swift */,
				2383627D2240B7E3007B892D /* String+utils.swift */,
				2383627E2240B7E3007B892D /* Dispatch+delay.swift */,
				23DEFCFD22438CFC00795E13 /* FileManager+Move.swift */,
				23DEFCFE22438CFD00795E13 /* FileManager+Protection.swift */,
				2313D5C4225C7E3800BF5A20 /* UIApplication+URLs.swift */,
			);
			path = Utils;
			sourceTree = "<group>";
		};
		2383627F2240B7E3007B892D /* Views */ = {
			isa = PBXGroup;
			children = (
				238362802240B7E3007B892D /* ButtonWithLargerHitArea.swift */,
			);
			path = Views;
			sourceTree = "<group>";
		};
		238362812240B7E3007B892D /* UserInterface */ = {
			isa = PBXGroup;
			children = (
				23C6DFEE225D9909008140C3 /* LaunchImage */,
				23DEFCDD224367A700795E13 /* Authentication */,
				23DEFCD42243424200795E13 /* Home */,
				238362822240B7E3007B892D /* Settings */,
				2383628C2240B7E3007B892D /* WebView */,
				2383628E2240B7E3007B892D /* Self */,
				2383628F2240B7E3007B892D /* RootViewController */,
				238362932240B7E3007B892D /* mainTabBar */,
				2378608A2261B618008BD562 /* Rss */,
			);
			path = UserInterface;
			sourceTree = "<group>";
		};
		238362822240B7E3007B892D /* Settings */ = {
			isa = PBXGroup;
			children = (
				238362842240B7E3007B892D /* CellDescriptors */,
				238362832240B7E3007B892D /* SettingsCell.swift */,
				234FE32422447B7F00A89071 /* TailEditingTextField.swift */,
				2383628B2240B7E3007B892D /* SettingsViewController.swift */,
			);
			path = Settings;
			sourceTree = "<group>";
		};
		238362842240B7E3007B892D /* CellDescriptors */ = {
			isa = PBXGroup;
			children = (
				238362862240B7E3007B892D /* SettingsCellDescriptor.swift */,
				238362882240B7E3007B892D /* SettingsStaticTextCellDescriptor.swift */,
				2383628A2240B7E3007B892D /* SettingsPropertyToggleCellDescriptor.swift */,
				234FE32222446FE100A89071 /* SettingsPropertyTextCellDescriptor.swift */,
				238362852240B7E3007B892D /* SettingsExternalScreenCellDescriptor.swift */,
				2313D5C6225C804E00BF5A20 /* SettingsButtonCellDescriptor.swift */,
				238362872240B7E3007B892D /* SettingsCellDescriptorFactory.swift */,
				238362892240B7E3007B892D /* SettingsCellDescriptorFactory+DebugOption.swift */,
			);
			path = CellDescriptors;
			sourceTree = "<group>";
		};
		2383628C2240B7E3007B892D /* WebView */ = {
			isa = PBXGroup;
			children = (
				23EAFEA0224C9C9600147950 /* MusicWebViewController.swift */,
				2383628D2240B7E3007B892D /* WebViewController.swift */,
			);
			path = WebView;
			sourceTree = "<group>";
		};
		2383628E2240B7E3007B892D /* Self */ = {
			isa = PBXGroup;
			children = (
				2313D5C8225C846A00BF5A20 /* SelfProfileViewController.swift */,
				2313D5CA225C847700BF5A20 /* SelfProfileController.swift */,
				2313D5CC225C860000BF5A20 /* SelfProfileHeaderView.swift */,
				2313D5CE225C860E00BF5A20 /* SelfProfileHeaderView.xib */,
			);
			path = Self;
			sourceTree = "<group>";
		};
		2383628F2240B7E3007B892D /* RootViewController */ = {
			isa = PBXGroup;
			children = (
				238362902240B7E3007B892D /* AppState.swift */,
				238362912240B7E3007B892D /* AppStateController.swift */,
				238362922240B7E3007B892D /* AppRootViewController.swift */,
			);
			path = RootViewController;
			sourceTree = "<group>";
		};
		238362932240B7E3007B892D /* mainTabBar */ = {
			isa = PBXGroup;
			children = (
				238362942240B7E3007B892D /* MainTabBarViewController.swift */,
			);
			path = mainTabBar;
			sourceTree = "<group>";
		};
		238362952240B7E3007B892D /* Helpers */ = {
			isa = PBXGroup;
			children = (
				238362962240B7E3007B892D /* DebugOption.swift */,
				238362972240B7E3007B892D /* Helpers.swift */,
				238362982240B7E3007B892D /* Config.swift */,
				238362992240B7E3007B892D /* SettingsPropertyName.swift */,
				2313D5D0225D7C1400BF5A20 /* UIViewController+addViewController.swift */,
				23DEFB4A2240F90B00795E13 /* Result.swift */,
				23DEFB4C2240FA1C00795E13 /* SkyNetworkError.swift */,
				23DEFB4E2240FAB000795E13 /* Delegate.swift */,
				23DEFCD222433E2000795E13 /* UIColor+Sky.swift */,
			);
			path = Helpers;
			sourceTree = "<group>";
		};
		238362BD2240B9CC007B892D /* Support Files */ = {
			isa = PBXGroup;
			children = (
				238362362240A030007B892D /* AppDelegate.swift */,
				238362382240A030007B892D /* ViewController.swift */,
				2383623A2240A030007B892D /* Main.storyboard */,
				238362402240A032007B892D /* Assets.xcassets */,
				238362422240A032007B892D /* LaunchScreen.storyboard */,
				23F40E4222452C9500E08B04 /* Info.plist */,
				23F40E4A22452D8600E08B04 /* Localizable.strings */,
				2383623D2240A030007B892D /* SkyTool.xcdatamodeld */,
			);
			name = "Support Files";
			sourceTree = "<group>";
		};
		23A2969222602220007C328F /* Recorder */ = {
			isa = PBXGroup;
			children = (
				23A296902260221B007C328F /* Recorder.swift */,
				23A29693226034BA007C328F /* SignalTracker.swift */,
				23A296972260356F007C328F /* InputSignalTracker.swift */,
				23A2969922603C5F007C328F /* SimulatorSignalTracker.swift */,
			);
			path = Recorder;
			sourceTree = "<group>";
		};
		23C0C9F4225B868700349507 /* ViewControllers */ = {
			isa = PBXGroup;
			children = (
				23006211225B87C000288DAA /* NavigationViewController.swift */,
			);
			path = ViewControllers;
			sourceTree = "<group>";
		};
		23C33B4E224882C400E82D00 /* Resources */ = {
			isa = PBXGroup;
			children = (
				23C33B49224873E900E82D00 /* Easy_Ver.mxl */,
				23C33B4222486FA300E82D00 /* MIDI_sample.mid */,
				234FE32D2244B7F600A89071 /* blue.json */,
				23C33B4C22487A6100E82D00 /* xmlDemo.xml */,
			);
			path = Resources;
			sourceTree = "<group>";
		};
		23C6DFEE225D9909008140C3 /* LaunchImage */ = {
			isa = PBXGroup;
			children = (
				23C6DFEF225D9973008140C3 /* LaunchImageViewController.swift */,
				23C6DFF1225D99DB008140C3 /* LaunchScreen.swift */,
				23C6DFF3225D99E2008140C3 /* LaunchScreen.xib */,
			);
			path = LaunchImage;
			sourceTree = "<group>";
		};
		23C6DFF9225F0C31008140C3 /* RouterMananger */ = {
			isa = PBXGroup;
			children = (
				23C6DFFC225F0C31008140C3 /* Core */,
				23C6DFFF225F0C31008140C3 /* URLRouter */,
				23C6E001225F0C31008140C3 /* Intent */,
			);
			path = RouterMananger;
			sourceTree = "<group>";
		};
		23C6DFFC225F0C31008140C3 /* Core */ = {
			isa = PBXGroup;
			children = (
				23C6DFFD225F0C31008140C3 /* Trie.swift */,
				23C6DFFE225F0C31008140C3 /* RouterManager.swift */,
			);
			path = Core;
			sourceTree = "<group>";
		};
		23C6DFFF225F0C31008140C3 /* URLRouter */ = {
			isa = PBXGroup;
			children = (
				23C6E000225F0C31008140C3 /* URLRouterManager.swift */,
			);
			path = URLRouter;
			sourceTree = "<group>";
		};
		23C6E001225F0C31008140C3 /* Intent */ = {
			isa = PBXGroup;
			children = (
				23C6E002225F0C31008140C3 /* URLControllerDisplay.swift */,
				23C6E003225F0C31008140C3 /* ControllerRouterManager.swift */,
				23C6E004225F0C31008140C3 /* Intent.swift */,
			);
			path = Intent;
			sourceTree = "<group>";
		};
		23DEFB452240E2A600795E13 /* Http */ = {
			isa = PBXGroup;
			children = (
				23DEFB462240E30400795E13 /* Request.swift */,
				23DEFB482240E42300795E13 /* Session.swift */,
				23DEFB502241CB3A00795E13 /* ParameterEncoding.swift */,
			);
			path = Http;
			sourceTree = "<group>";
		};
		23DEFCD42243424200795E13 /* Home */ = {
			isa = PBXGroup;
			children = (
				23DEFCD52243425600795E13 /* HomeViewController.swift */,
				23DEFCD7224342A900795E13 /* HomeController.swift */,
				23DEFCD922435A5800795E13 /* ToolCollectionViewCell.swift */,
				23DEFCDA22435A5800795E13 /* ToolCollectionViewCell.xib */,
			);
			path = Home;
			sourceTree = "<group>";
		};
		23DEFCDD224367A700795E13 /* Authentication */ = {
			isa = PBXGroup;
			children = (
				23DEFCDE224367A700795E13 /* AuthenticationCoordinator.swift */,
				23DEFCDF224367A700795E13 /* RegistViewController.swift */,
				23DEFCE0224367A700795E13 /* ChangePasswordViewController.swift */,
				23DEFCE2224367A700795E13 /* LoginViewController.swift */,
				23DEFCF0224373CD00795E13 /* AuthenNavigationViewController.swift */,
			);
			path = Authentication;
			sourceTree = "<group>";
		};
		23DEFCEA22436BC500795E13 /* Models */ = {
			isa = PBXGroup;
			children = (
				23DEFD012243959E00795E13 /* Account */,
				2319B4CB224B679C004546A6 /* Music */,
				2378607E2261A4EA008BD562 /* MissionTask */,
				2378608F2261BD5C008BD562 /* Rss.swift */,
			);
			path = Models;
			sourceTree = "<group>";
		};
		23DEFCF2224375EB00795E13 /* SessionManager */ = {
			isa = PBXGroup;
			children = (
				23DEFCF3224375FF00795E13 /* SessionManager.swift */,
				23C6E016225F1158008140C3 /* SessionManager+ViewController.swift */,
				23C6DFF7225EEC1D008140C3 /* TokenObserver.swift */,
			);
			path = SessionManager;
			sourceTree = "<group>";
		};
		23DEFCF5224383A700795E13 /* KeyChainManager */ = {
			isa = PBXGroup;
			children = (
				23DEFCF6224383BA00795E13 /* KeyChainManager.swift */,
			);
			path = KeyChainManager;
			sourceTree = "<group>";
		};
		23DEFD012243959E00795E13 /* Account */ = {
			isa = PBXGroup;
			children = (
				23DEFCEB22436BE300795E13 /* Account.swift */,
				23DEFCF92243898E00795E13 /* AccountManager.swift */,
				23DEFCFB22438C1800795E13 /* AccountStore.swift */,
				23DEFD0222439B6800795E13 /* LoginCredentials.swift */,
			);
			path = Account;
			sourceTree = "<group>";
		};
/* End PBXGroup section */

/* Begin PBXNativeTarget section */
		238362322240A030007B892D /* SkyTool */ = {
			isa = PBXNativeTarget;
			buildConfigurationList = 2383625E2240A032007B892D /* Build configuration list for PBXNativeTarget "SkyTool" */;
			buildPhases = (
				2383622F2240A030007B892D /* Sources */,
				238362302240A030007B892D /* Frameworks */,
				238362312240A030007B892D /* Resources */,
				2383626A2240A8AE007B892D /* ShellScript */,
			);
			buildRules = (
			);
			dependencies = (
			);
			name = SkyTool;
			productName = SkyTool;
			productReference = 238362332240A030007B892D /* SkyTool.app */;
			productType = "com.apple.product-type.application";
		};
		238362492240A032007B892D /* SkyToolTests */ = {
			isa = PBXNativeTarget;
			buildConfigurationList = 238362612240A032007B892D /* Build configuration list for PBXNativeTarget "SkyToolTests" */;
			buildPhases = (
				238362462240A032007B892D /* Sources */,
				238362472240A032007B892D /* Frameworks */,
				238362482240A032007B892D /* Resources */,
			);
			buildRules = (
			);
			dependencies = (
				2383624C2240A032007B892D /* PBXTargetDependency */,
			);
			name = SkyToolTests;
			productName = SkyToolTests;
			productReference = 2383624A2240A032007B892D /* SkyToolTests.xctest */;
			productType = "com.apple.product-type.bundle.unit-test";
		};
		238362542240A032007B892D /* SkyToolUITests */ = {
			isa = PBXNativeTarget;
			buildConfigurationList = 238362642240A032007B892D /* Build configuration list for PBXNativeTarget "SkyToolUITests" */;
			buildPhases = (
				238362512240A032007B892D /* Sources */,
				238362522240A032007B892D /* Frameworks */,
				238362532240A032007B892D /* Resources */,
			);
			buildRules = (
			);
			dependencies = (
				238362572240A032007B892D /* PBXTargetDependency */,
			);
			name = SkyToolUITests;
			productName = SkyToolUITests;
			productReference = 238362552240A032007B892D /* SkyToolUITests.xctest */;
			productType = "com.apple.product-type.bundle.ui-testing";
		};
/* End PBXNativeTarget section */

/* Begin PBXProject section */
		2383622B2240A030007B892D /* Project object */ = {
			isa = PBXProject;
			attributes = {
				LastSwiftUpdateCheck = 1010;
				LastUpgradeCheck = 1010;
				ORGANIZATIONNAME = treee;
				TargetAttributes = {
					238362322240A030007B892D = {
						CreatedOnToolsVersion = 10.1;
						SystemCapabilities = {
							com.apple.BackgroundModes = {
								enabled = 1;
							};
							com.apple.Keychain = {
								enabled = 1;
							};
						};
					};
					238362492240A032007B892D = {
						CreatedOnToolsVersion = 10.1;
						TestTargetID = 238362322240A030007B892D;
					};
					238362542240A032007B892D = {
						CreatedOnToolsVersion = 10.1;
						TestTargetID = 238362322240A030007B892D;
					};
				};
			};
			buildConfigurationList = 2383622E2240A030007B892D /* Build configuration list for PBXProject "SkyTool" */;
			compatibilityVersion = "Xcode 9.3";
			developmentRegion = en;
			hasScannedForEncodings = 0;
			knownRegions = (
				en,
				Base,
				"zh-Hans",
			);
			mainGroup = 2383622A2240A030007B892D;
			productRefGroup = 238362342240A030007B892D /* Products */;
			projectDirPath = "";
			projectRoot = "";
			targets = (
				238362322240A030007B892D /* SkyTool */,
				238362492240A032007B892D /* SkyToolTests */,
				238362542240A032007B892D /* SkyToolUITests */,
			);
		};
/* End PBXProject section */

/* Begin PBXResourcesBuildPhase section */
		238362312240A030007B892D /* Resources */ = {
			isa = PBXResourcesBuildPhase;
			buildActionMask = 2147483647;
			files = (
				2313D5CF225C860E00BF5A20 /* SelfProfileHeaderView.xib in Resources */,
				2319B517224B8202004546A6 /* Binchois.musicxml in Resources */,
				2319B50A224B69FF004546A6 /* pitches.xml in Resources */,
				23C6DFF6225DBDB8008140C3 /* Images.xcassets in Resources */,
				23603C55224DB48F00B8AC88 /* vexflow in Resources */,
				23C6DFF4225D99E2008140C3 /* LaunchScreen.xib in Resources */,
				2319B515224B8150004546A6 /* MIDI_sample.mid in Resources */,
				23C33B632248AE7000E82D00 /* Cartfile in Resources */,
				23DEFCDC22435A5800795E13 /* ToolCollectionViewCell.xib in Resources */,
				23F40E4822452D8600E08B04 /* Localizable.strings in Resources */,
				238362442240A032007B892D /* LaunchScreen.storyboard in Resources */,
				238362412240A032007B892D /* Assets.xcassets in Resources */,
				2383623C2240A030007B892D /* Main.storyboard in Resources */,
			);
			runOnlyForDeploymentPostprocessing = 0;
		};
		238362482240A032007B892D /* Resources */ = {
			isa = PBXResourcesBuildPhase;
			buildActionMask = 2147483647;
			files = (
				23C33B4D22487A6100E82D00 /* xmlDemo.xml in Resources */,
				234FE32E2244B7F600A89071 /* blue.json in Resources */,
				23C33B4322486FA300E82D00 /* MIDI_sample.mid in Resources */,
				23C33B4A224873EA00E82D00 /* Easy_Ver.mxl in Resources */,
			);
			runOnlyForDeploymentPostprocessing = 0;
		};
		238362532240A032007B892D /* Resources */ = {
			isa = PBXResourcesBuildPhase;
			buildActionMask = 2147483647;
			files = (
			);
			runOnlyForDeploymentPostprocessing = 0;
		};
/* End PBXResourcesBuildPhase section */

/* Begin PBXShellScriptBuildPhase section */
		2383626A2240A8AE007B892D /* ShellScript */ = {
			isa = PBXShellScriptBuildPhase;
			buildActionMask = 2147483647;
			files = (
			);
			inputFileListPaths = (
			);
			inputPaths = (
				"$(SRCROOT)/Carthage/Build/iOS/MBProgressHUD.framework",
				"$(SRCROOT)/Carthage/Build/iOS/PureLayout.framework",
				"$(SRCROOT)/Carthage/Build/iOS/YYKit.framework",
				"$(SRCROOT)/Carthage/Build/iOS/IQKeyboardManagerSwift.framework",
				"$(SRCROOT)/Carthage/Build/iOS/XMLCoder.framework",
			);
			outputFileListPaths = (
			);
			outputPaths = (
			);
			runOnlyForDeploymentPostprocessing = 0;
			shellPath = /bin/sh;
			shellScript = "# Type a script or drag a script file from your workspace to insert its path.\n/usr/local/bin/Carthage copy-frameworks\n";
		};
/* End PBXShellScriptBuildPhase section */

/* Begin PBXSourcesBuildPhase section */
		2383622F2240A030007B892D /* Sources */ = {
			isa = PBXSourcesBuildPhase;
			buildActionMask = 2147483647;
			files = (
				2378608E2261BBEC008BD562 /* Request_Rss.swift in Sources */,
				23DEFCF7224383BA00795E13 /* KeyChainManager.swift in Sources */,
				237860872261ACC4008BD562 /* CommandManager.swift in Sources */,
				238362B42240B7E3007B892D /* AppRootViewController.swift in Sources */,
				238362AA2240B7E3007B892D /* SettingsExternalScreenCellDescriptor.swift in Sources */,
				23DEFB4B2240F90B00795E13 /* Result.swift in Sources */,
				234FE32522447B7F00A89071 /* TailEditingTextField.swift in Sources */,
				23A296982260356F007C328F /* InputSignalTracker.swift in Sources */,
				238362B12240B7E3007B892D /* WebViewController.swift in Sources */,
				238362A62240B7E3007B892D /* String+utils.swift in Sources */,
				23DEFCFC22438C1800795E13 /* AccountStore.swift in Sources */,
				238362B72240B7E3007B892D /* Helpers.swift in Sources */,
				23DEFCE4224367A700795E13 /* RegistViewController.swift in Sources */,
				2383629E2240B7E3007B892D /* ColorScheme.swift in Sources */,
				23DEFD0322439B6800795E13 /* LoginCredentials.swift in Sources */,
				23006212225B87C000288DAA /* NavigationViewController.swift in Sources */,
				238362A12240B7E3007B892D /* Reusable.swift in Sources */,
				23DEFCE5224367A700795E13 /* ChangePasswordViewController.swift in Sources */,
				234FE32322446FE100A89071 /* SettingsPropertyTextCellDescriptor.swift in Sources */,
				238362AC2240B7E3007B892D /* SettingsCellDescriptorFactory.swift in Sources */,
				238362AE2240B7E3007B892D /* SettingsCellDescriptorFactory+DebugOption.swift in Sources */,
				2313D5C7225C804E00BF5A20 /* SettingsButtonCellDescriptor.swift in Sources */,
				2383629C2240B7E3007B892D /* SettingsPropertyFactory.swift in Sources */,
				2383623F2240A030007B892D /* SkyTool.xcdatamodeld in Sources */,
				238362392240A030007B892D /* ViewController.swift in Sources */,
				238362A52240B7E3007B892D /* UIViewController+Orientation.swift in Sources */,
				237860892261B610008BD562 /* RssListViewController.swift in Sources */,
				2313D5D1225D7C1500BF5A20 /* UIViewController+addViewController.swift in Sources */,
				23C6E00B225F0C31008140C3 /* ControllerRouterManager.swift in Sources */,
				2313D5C5225C7E3800BF5A20 /* UIApplication+URLs.swift in Sources */,
				238362B62240B7E3007B892D /* DebugOption.swift in Sources */,
				2313D5CD225C860000BF5A20 /* SelfProfileHeaderView.swift in Sources */,
				238362A82240B7E3007B892D /* ButtonWithLargerHitArea.swift in Sources */,
				23EAFEA1224C9C9600147950 /* MusicWebViewController.swift in Sources */,
				237860862261ACC4008BD562 /* Command.swift in Sources */,
				23DEFCF1224373CD00795E13 /* AuthenNavigationViewController.swift in Sources */,
				23C6E007225F0C31008140C3 /* Trie.swift in Sources */,
				238362372240A030007B892D /* AppDelegate.swift in Sources */,
				23C6DFF0225D9973008140C3 /* LaunchImageViewController.swift in Sources */,
				23DEFCD322433E2000795E13 /* UIColor+Sky.swift in Sources */,
				23DEFB4D2240FA1C00795E13 /* SkyNetworkError.swift in Sources */,
				23DEFCFA2243898E00795E13 /* AccountManager.swift in Sources */,
				23DEFCD62243425600795E13 /* HomeViewController.swift in Sources */,
				23603C53224DADAE00B8AC88 /* NoteAttribute.swift in Sources */,
				23DEFCE3224367A700795E13 /* AuthenticationCoordinator.swift in Sources */,
				23C6E00C225F0C31008140C3 /* Intent.swift in Sources */,
				238362A22240B7E3007B892D /* UIFont+FontSpec.swift in Sources */,
				2383629A2240B7E3007B892D /* SettingsProperty.swift in Sources */,
				23C6E008225F0C31008140C3 /* RouterManager.swift in Sources */,
				238362A72240B7E3007B892D /* Dispatch+delay.swift in Sources */,
				238362A42240B7E3007B892D /* UIApplication+statusBar.swift in Sources */,
				23DEFCDB22435A5800795E13 /* ToolCollectionViewCell.swift in Sources */,
				23DEFCD8224342A900795E13 /* HomeController.swift in Sources */,
				2383629B2240B7E3007B892D /* Settings.swift in Sources */,
				23A2969A22603C5F007C328F /* SimulatorSignalTracker.swift in Sources */,
				238362B82240B7E3007B892D /* Config.swift in Sources */,
				238362AD2240B7E3007B892D /* SettingsStaticTextCellDescriptor.swift in Sources */,
				2383629F2240B7E3007B892D /* String+localized.swift in Sources */,
				2383629D2240B7E3007B892D /* UIFont+DynmicType.swift in Sources */,
				23DEFB512241CB3A00795E13 /* ParameterEncoding.swift in Sources */,
				237860962263326C008BD562 /* MissionCommand.swift in Sources */,
				23DEFB472240E30400795E13 /* Request.swift in Sources */,
				238362B32240B7E3007B892D /* AppStateController.swift in Sources */,
				23DEFCF4224375FF00795E13 /* SessionManager.swift in Sources */,
				238362A92240B7E3007B892D /* SettingsCell.swift in Sources */,
				23DEFCE7224367A700795E13 /* LoginViewController.swift in Sources */,
				23DEFB492240E42300795E13 /* Session.swift in Sources */,
				23C6DFF2225D99DB008140C3 /* LaunchScreen.swift in Sources */,
				23DEFD0022438CFD00795E13 /* FileManager+Protection.swift in Sources */,
				238BAC58225F370500EEA88D /* Note.swift in Sources */,
				238362B92240B7E3007B892D /* SettingsPropertyName.swift in Sources */,
				23C6E00A225F0C31008140C3 /* URLControllerDisplay.swift in Sources */,
				238362A02240B7E3007B892D /* UIColor+utils.swift in Sources */,
				2313D5D3225D8E8800BF5A20 /* Request_User.swift in Sources */,
				238362B22240B7E3007B892D /* AppState.swift in Sources */,
				238362A32240B7E3007B892D /* FontScheme.swift in Sources */,
				238362B02240B7E3007B892D /* SettingsViewController.swift in Sources */,
				23DEFCEC22436BE300795E13 /* Account.swift in Sources */,
				2313D5C9225C846A00BF5A20 /* SelfProfileViewController.swift in Sources */,
				237860822261A4F2008BD562 /* MissionType.swift in Sources */,
				237860902261BD5C008BD562 /* Rss.swift in Sources */,
				23DEFB4F2240FAB000795E13 /* Delegate.swift in Sources */,
				238362AF2240B7E3007B892D /* SettingsPropertyToggleCellDescriptor.swift in Sources */,
				23A296912260221B007C328F /* Recorder.swift in Sources */,
				238362AB2240B7E3007B892D /* SettingsCellDescriptor.swift in Sources */,
				23DEFCFF22438CFD00795E13 /* FileManager+Move.swift in Sources */,
				237860812261A4F2008BD562 /* MissionTask.swift in Sources */,
				23A29694226034BA007C328F /* SignalTracker.swift in Sources */,
				2313D5CB225C847700BF5A20 /* SelfProfileController.swift in Sources */,
				23C6E009225F0C31008140C3 /* URLRouterManager.swift in Sources */,
				23C6DFF8225EEC1D008140C3 /* TokenObserver.swift in Sources */,
				23C6E017225F1158008140C3 /* SessionManager+ViewController.swift in Sources */,
				2378608C2261B68D008BD562 /* RssController.swift in Sources */,
				238362B52240B7E3007B892D /* MainTabBarViewController.swift in Sources */,
			);
			runOnlyForDeploymentPostprocessing = 0;
		};
		238362462240A032007B892D /* Sources */ = {
			isa = PBXSourcesBuildPhase;
			buildActionMask = 2147483647;
			files = (
				238BAC5B225F3A1200EEA88D /* NoteAttribute.swift in Sources */,
				238BAC5C225F3A1200EEA88D /* Note.swift in Sources */,
				234FE3492244BB4600A89071 /* Config.swift in Sources */,
				234FE34A2244BB4600A89071 /* SettingsPropertyName.swift in Sources */,
				234FE34B2244BB4600A89071 /* Result.swift in Sources */,
				23F40E8122477DB000E08B04 /* SkyRequestTests.swift in Sources */,
				234FE34C2244BB4600A89071 /* SkyNetworkError.swift in Sources */,
				234FE34D2244BB4600A89071 /* Delegate.swift in Sources */,
				234FE32F2244BB3000A89071 /* Account.swift in Sources */,
				234FE3302244BB3000A89071 /* AccountManager.swift in Sources */,
				234FE3312244BB3000A89071 /* AccountStore.swift in Sources */,
				234FE3322244BB3000A89071 /* LoginCredentials.swift in Sources */,
				234FE3332244BB3000A89071 /* KeyChainManager.swift in Sources */,
				234FE3342244BB3000A89071 /* SessionManager.swift in Sources */,
				234FE3352244BB3000A89071 /* Request.swift in Sources */,
				234FE3362244BB3000A89071 /* Session.swift in Sources */,
				234FE3372244BB3000A89071 /* ParameterEncoding.swift in Sources */,
				234FE3382244BB3000A89071 /* SettingsProperty.swift in Sources */,
				234FE3392244BB3000A89071 /* Settings.swift in Sources */,
				234FE33A2244BB3000A89071 /* SettingsPropertyFactory.swift in Sources */,
				234FE33B2244BB3000A89071 /* UIFont+DynmicType.swift in Sources */,
				234FE33C2244BB3000A89071 /* ColorScheme.swift in Sources */,
				234FE33D2244BB3000A89071 /* String+localized.swift in Sources */,
				234FE33E2244BB3000A89071 /* UIColor+utils.swift in Sources */,
				234FE3442244BB3000A89071 /* String+utils.swift in Sources */,
				234FE3452244BB3000A89071 /* Dispatch+delay.swift in Sources */,
				234FE3462244BB3000A89071 /* FileManager+Move.swift in Sources */,
				238BAC5A225F39D600EEA88D /* SkyNoteTest.swift in Sources */,
				234FE3472244BB3000A89071 /* FileManager+Protection.swift in Sources */,
				234FE3482244BB3000A89071 /* ButtonWithLargerHitArea.swift in Sources */,
				234FE32C2244B5A900A89071 /* DebugOption.swift in Sources */,
				234FE32B2244B58600A89071 /* Helpers.swift in Sources */,
				234FE32A2244B47A00A89071 /* SkyColorTest.swift in Sources */,
				234FE3282244B46400A89071 /* UIColor+Sky.swift in Sources */,
			);
			runOnlyForDeploymentPostprocessing = 0;
		};
		238362512240A032007B892D /* Sources */ = {
			isa = PBXSourcesBuildPhase;
			buildActionMask = 2147483647;
			files = (
				2383625A2240A032007B892D /* SkyToolUITests.swift in Sources */,
			);
			runOnlyForDeploymentPostprocessing = 0;
		};
/* End PBXSourcesBuildPhase section */

/* Begin PBXTargetDependency section */
		2383624C2240A032007B892D /* PBXTargetDependency */ = {
			isa = PBXTargetDependency;
			target = 238362322240A030007B892D /* SkyTool */;
			targetProxy = 2383624B2240A032007B892D /* PBXContainerItemProxy */;
		};
		238362572240A032007B892D /* PBXTargetDependency */ = {
			isa = PBXTargetDependency;
			target = 238362322240A030007B892D /* SkyTool */;
			targetProxy = 238362562240A032007B892D /* PBXContainerItemProxy */;
		};
/* End PBXTargetDependency section */

/* Begin PBXVariantGroup section */
		2383623A2240A030007B892D /* Main.storyboard */ = {
			isa = PBXVariantGroup;
			children = (
				2383623B2240A030007B892D /* Base */,
			);
			name = Main.storyboard;
			sourceTree = "<group>";
		};
		238362422240A032007B892D /* LaunchScreen.storyboard */ = {
			isa = PBXVariantGroup;
			children = (
				238362432240A032007B892D /* Base */,
				23F40E4622452D7900E08B04 /* zh-Hans */,
			);
			name = LaunchScreen.storyboard;
			sourceTree = "<group>";
		};
		23F40E4222452C9500E08B04 /* Info.plist */ = {
			isa = PBXVariantGroup;
			children = (
				23F40E4122452C9500E08B04 /* Base */,
			);
			name = Info.plist;
			sourceTree = "<group>";
		};
		23F40E4A22452D8600E08B04 /* Localizable.strings */ = {
			isa = PBXVariantGroup;
			children = (
				23F40E4922452D8600E08B04 /* zh-Hans */,
				23F40E4B22452D9100E08B04 /* en */,
			);
			name = Localizable.strings;
			sourceTree = "<group>";
		};
/* End PBXVariantGroup section */

/* Begin XCBuildConfiguration section */
		2383625C2240A032007B892D /* Debug */ = {
			isa = XCBuildConfiguration;
			buildSettings = {
				ALWAYS_SEARCH_USER_PATHS = NO;
				CLANG_ANALYZER_LOCALIZABILITY_NONLOCALIZED = YES;
				CLANG_ANALYZER_NONNULL = YES;
				CLANG_ANALYZER_NUMBER_OBJECT_CONVERSION = YES_AGGRESSIVE;
				CLANG_CXX_LANGUAGE_STANDARD = "gnu++14";
				CLANG_CXX_LIBRARY = "libc++";
				CLANG_ENABLE_MODULES = YES;
				CLANG_ENABLE_OBJC_ARC = YES;
				CLANG_ENABLE_OBJC_WEAK = YES;
				CLANG_WARN_BLOCK_CAPTURE_AUTORELEASING = YES;
				CLANG_WARN_BOOL_CONVERSION = YES;
				CLANG_WARN_COMMA = YES;
				CLANG_WARN_CONSTANT_CONVERSION = YES;
				CLANG_WARN_DEPRECATED_OBJC_IMPLEMENTATIONS = YES;
				CLANG_WARN_DIRECT_OBJC_ISA_USAGE = YES_ERROR;
				CLANG_WARN_DOCUMENTATION_COMMENTS = YES;
				CLANG_WARN_EMPTY_BODY = YES;
				CLANG_WARN_ENUM_CONVERSION = YES;
				CLANG_WARN_INFINITE_RECURSION = YES;
				CLANG_WARN_INT_CONVERSION = YES;
				CLANG_WARN_NON_LITERAL_NULL_CONVERSION = YES;
				CLANG_WARN_OBJC_IMPLICIT_RETAIN_SELF = YES;
				CLANG_WARN_OBJC_LITERAL_CONVERSION = YES;
				CLANG_WARN_OBJC_ROOT_CLASS = YES_ERROR;
				CLANG_WARN_RANGE_LOOP_ANALYSIS = YES;
				CLANG_WARN_STRICT_PROTOTYPES = YES;
				CLANG_WARN_SUSPICIOUS_MOVE = YES;
				CLANG_WARN_UNGUARDED_AVAILABILITY = YES_AGGRESSIVE;
				CLANG_WARN_UNREACHABLE_CODE = YES;
				CLANG_WARN__DUPLICATE_METHOD_MATCH = YES;
				CODE_SIGN_IDENTITY = "iPhone Developer";
				COPY_PHASE_STRIP = NO;
				DEBUG_INFORMATION_FORMAT = dwarf;
				ENABLE_STRICT_OBJC_MSGSEND = YES;
				ENABLE_TESTABILITY = YES;
				GCC_C_LANGUAGE_STANDARD = gnu11;
				GCC_DYNAMIC_NO_PIC = NO;
				GCC_NO_COMMON_BLOCKS = YES;
				GCC_OPTIMIZATION_LEVEL = 0;
				GCC_PREPROCESSOR_DEFINITIONS = (
					"DEBUG=1",
					"$(inherited)",
				);
				GCC_WARN_64_TO_32_BIT_CONVERSION = YES;
				GCC_WARN_ABOUT_RETURN_TYPE = YES_ERROR;
				GCC_WARN_UNDECLARED_SELECTOR = YES;
				GCC_WARN_UNINITIALIZED_AUTOS = YES_AGGRESSIVE;
				GCC_WARN_UNUSED_FUNCTION = YES;
				GCC_WARN_UNUSED_VARIABLE = YES;
				IPHONEOS_DEPLOYMENT_TARGET = 11.0;
				MTL_ENABLE_DEBUG_INFO = INCLUDE_SOURCE;
				MTL_FAST_MATH = YES;
				ONLY_ACTIVE_ARCH = YES;
				SDKROOT = iphoneos;
				SWIFT_ACTIVE_COMPILATION_CONDITIONS = DEBUG;
				SWIFT_OPTIMIZATION_LEVEL = "-Onone";
			};
			name = Debug;
		};
		2383625D2240A032007B892D /* Release */ = {
			isa = XCBuildConfiguration;
			buildSettings = {
				ALWAYS_SEARCH_USER_PATHS = NO;
				CLANG_ANALYZER_LOCALIZABILITY_NONLOCALIZED = YES;
				CLANG_ANALYZER_NONNULL = YES;
				CLANG_ANALYZER_NUMBER_OBJECT_CONVERSION = YES_AGGRESSIVE;
				CLANG_CXX_LANGUAGE_STANDARD = "gnu++14";
				CLANG_CXX_LIBRARY = "libc++";
				CLANG_ENABLE_MODULES = YES;
				CLANG_ENABLE_OBJC_ARC = YES;
				CLANG_ENABLE_OBJC_WEAK = YES;
				CLANG_WARN_BLOCK_CAPTURE_AUTORELEASING = YES;
				CLANG_WARN_BOOL_CONVERSION = YES;
				CLANG_WARN_COMMA = YES;
				CLANG_WARN_CONSTANT_CONVERSION = YES;
				CLANG_WARN_DEPRECATED_OBJC_IMPLEMENTATIONS = YES;
				CLANG_WARN_DIRECT_OBJC_ISA_USAGE = YES_ERROR;
				CLANG_WARN_DOCUMENTATION_COMMENTS = YES;
				CLANG_WARN_EMPTY_BODY = YES;
				CLANG_WARN_ENUM_CONVERSION = YES;
				CLANG_WARN_INFINITE_RECURSION = YES;
				CLANG_WARN_INT_CONVERSION = YES;
				CLANG_WARN_NON_LITERAL_NULL_CONVERSION = YES;
				CLANG_WARN_OBJC_IMPLICIT_RETAIN_SELF = YES;
				CLANG_WARN_OBJC_LITERAL_CONVERSION = YES;
				CLANG_WARN_OBJC_ROOT_CLASS = YES_ERROR;
				CLANG_WARN_RANGE_LOOP_ANALYSIS = YES;
				CLANG_WARN_STRICT_PROTOTYPES = YES;
				CLANG_WARN_SUSPICIOUS_MOVE = YES;
				CLANG_WARN_UNGUARDED_AVAILABILITY = YES_AGGRESSIVE;
				CLANG_WARN_UNREACHABLE_CODE = YES;
				CLANG_WARN__DUPLICATE_METHOD_MATCH = YES;
				CODE_SIGN_IDENTITY = "iPhone Developer";
				COPY_PHASE_STRIP = NO;
				DEBUG_INFORMATION_FORMAT = "dwarf-with-dsym";
				ENABLE_NS_ASSERTIONS = NO;
				ENABLE_STRICT_OBJC_MSGSEND = YES;
				GCC_C_LANGUAGE_STANDARD = gnu11;
				GCC_NO_COMMON_BLOCKS = YES;
				GCC_WARN_64_TO_32_BIT_CONVERSION = YES;
				GCC_WARN_ABOUT_RETURN_TYPE = YES_ERROR;
				GCC_WARN_UNDECLARED_SELECTOR = YES;
				GCC_WARN_UNINITIALIZED_AUTOS = YES_AGGRESSIVE;
				GCC_WARN_UNUSED_FUNCTION = YES;
				GCC_WARN_UNUSED_VARIABLE = YES;
				IPHONEOS_DEPLOYMENT_TARGET = 11.0;
				MTL_ENABLE_DEBUG_INFO = NO;
				MTL_FAST_MATH = YES;
				SDKROOT = iphoneos;
				SWIFT_COMPILATION_MODE = wholemodule;
				SWIFT_OPTIMIZATION_LEVEL = "-O";
				VALIDATE_PRODUCT = YES;
			};
			name = Release;
		};
		2383625F2240A032007B892D /* Debug */ = {
			isa = XCBuildConfiguration;
			buildSettings = {
				ASSETCATALOG_COMPILER_APPICON_NAME = AppIcon;
				CODE_SIGN_ENTITLEMENTS = SkyTool/SkyTool.entitlements;
				CODE_SIGN_STYLE = Automatic;
				DEVELOPMENT_TEAM = R8377LYS55;
				ENABLE_BITCODE = NO;
				FRAMEWORK_SEARCH_PATHS = (
					"$(inherited)",
					"$(PROJECT_DIR)/Carthage/Build/iOS",
					"$(PROJECT_DIR)/SkyTool/Libraries",
				);
				INFOPLIST_FILE = SkyTool/Info.plist;
				IPHONEOS_DEPLOYMENT_TARGET = 11.0;
				LD_RUNPATH_SEARCH_PATHS = (
					"$(inherited)",
					"@executable_path/Frameworks",
				);
				PRODUCT_BUNDLE_IDENTIFIER = "com.treee.-";
				PRODUCT_NAME = "$(TARGET_NAME)";
				SWIFT_VERSION = 4.2;
				TARGETED_DEVICE_FAMILY = "1,2";
			};
			name = Debug;
		};
		238362602240A032007B892D /* Release */ = {
			isa = XCBuildConfiguration;
			buildSettings = {
				ASSETCATALOG_COMPILER_APPICON_NAME = AppIcon;
				CODE_SIGN_ENTITLEMENTS = SkyTool/SkyTool.entitlements;
				CODE_SIGN_STYLE = Automatic;
				DEVELOPMENT_TEAM = R8377LYS55;
				ENABLE_BITCODE = NO;
				FRAMEWORK_SEARCH_PATHS = (
					"$(inherited)",
					"$(PROJECT_DIR)/Carthage/Build/iOS",
					"$(PROJECT_DIR)/SkyTool/Libraries",
				);
				INFOPLIST_FILE = SkyTool/Info.plist;
				IPHONEOS_DEPLOYMENT_TARGET = 11.0;
				LD_RUNPATH_SEARCH_PATHS = (
					"$(inherited)",
					"@executable_path/Frameworks",
				);
				PRODUCT_BUNDLE_IDENTIFIER = "com.treee.-";
				PRODUCT_NAME = "$(TARGET_NAME)";
				SWIFT_VERSION = 4.2;
				TARGETED_DEVICE_FAMILY = "1,2";
			};
			name = Release;
		};
		238362622240A032007B892D /* Debug */ = {
			isa = XCBuildConfiguration;
			buildSettings = {
				ALWAYS_EMBED_SWIFT_STANDARD_LIBRARIES = YES;
				BUNDLE_LOADER = "$(TEST_HOST)";
				CODE_SIGN_STYLE = Automatic;
				DEVELOPMENT_TEAM = R8377LYS55;
				FRAMEWORK_SEARCH_PATHS = (
					"$(inherited)",
					"$(PROJECT_DIR)/Carthage/Build/iOS",
				);
				INFOPLIST_FILE = SkyToolTests/Info.plist;
				LD_RUNPATH_SEARCH_PATHS = (
					"$(inherited)",
					"@executable_path/Frameworks",
					"@loader_path/Frameworks",
				);
				PRODUCT_BUNDLE_IDENTIFIER = "com.treee.-.SkyToolTests";
				PRODUCT_NAME = "$(TARGET_NAME)";
				SWIFT_VERSION = 4.2;
				TARGETED_DEVICE_FAMILY = "1,2";
				TEST_HOST = "$(BUILT_PRODUCTS_DIR)/SkyTool.app/SkyTool";
			};
			name = Debug;
		};
		238362632240A032007B892D /* Release */ = {
			isa = XCBuildConfiguration;
			buildSettings = {
				ALWAYS_EMBED_SWIFT_STANDARD_LIBRARIES = YES;
				BUNDLE_LOADER = "$(TEST_HOST)";
				CODE_SIGN_STYLE = Automatic;
				DEVELOPMENT_TEAM = R8377LYS55;
				FRAMEWORK_SEARCH_PATHS = (
					"$(inherited)",
					"$(PROJECT_DIR)/Carthage/Build/iOS",
				);
				INFOPLIST_FILE = SkyToolTests/Info.plist;
				LD_RUNPATH_SEARCH_PATHS = (
					"$(inherited)",
					"@executable_path/Frameworks",
					"@loader_path/Frameworks",
				);
				PRODUCT_BUNDLE_IDENTIFIER = "com.treee.-.SkyToolTests";
				PRODUCT_NAME = "$(TARGET_NAME)";
				SWIFT_VERSION = 4.2;
				TARGETED_DEVICE_FAMILY = "1,2";
				TEST_HOST = "$(BUILT_PRODUCTS_DIR)/SkyTool.app/SkyTool";
			};
			name = Release;
		};
		238362652240A032007B892D /* Debug */ = {
			isa = XCBuildConfiguration;
			buildSettings = {
				ALWAYS_EMBED_SWIFT_STANDARD_LIBRARIES = YES;
				CODE_SIGN_STYLE = Automatic;
				DEVELOPMENT_TEAM = R8377LYS55;
				INFOPLIST_FILE = SkyToolUITests/Info.plist;
				LD_RUNPATH_SEARCH_PATHS = (
					"$(inherited)",
					"@executable_path/Frameworks",
					"@loader_path/Frameworks",
				);
				PRODUCT_BUNDLE_IDENTIFIER = "com.treee.-.SkyToolUITests";
				PRODUCT_NAME = "$(TARGET_NAME)";
				SWIFT_VERSION = 4.2;
				TARGETED_DEVICE_FAMILY = "1,2";
				TEST_TARGET_NAME = SkyTool;
			};
			name = Debug;
		};
		238362662240A032007B892D /* Release */ = {
			isa = XCBuildConfiguration;
			buildSettings = {
				ALWAYS_EMBED_SWIFT_STANDARD_LIBRARIES = YES;
				CODE_SIGN_STYLE = Automatic;
				DEVELOPMENT_TEAM = R8377LYS55;
				INFOPLIST_FILE = SkyToolUITests/Info.plist;
				LD_RUNPATH_SEARCH_PATHS = (
					"$(inherited)",
					"@executable_path/Frameworks",
					"@loader_path/Frameworks",
				);
				PRODUCT_BUNDLE_IDENTIFIER = "com.treee.-.SkyToolUITests";
				PRODUCT_NAME = "$(TARGET_NAME)";
				SWIFT_VERSION = 4.2;
				TARGETED_DEVICE_FAMILY = "1,2";
				TEST_TARGET_NAME = SkyTool;
			};
			name = Release;
		};
/* End XCBuildConfiguration section */

/* Begin XCConfigurationList section */
		2383622E2240A030007B892D /* Build configuration list for PBXProject "SkyTool" */ = {
			isa = XCConfigurationList;
			buildConfigurations = (
				2383625C2240A032007B892D /* Debug */,
				2383625D2240A032007B892D /* Release */,
			);
			defaultConfigurationIsVisible = 0;
			defaultConfigurationName = Release;
		};
		2383625E2240A032007B892D /* Build configuration list for PBXNativeTarget "SkyTool" */ = {
			isa = XCConfigurationList;
			buildConfigurations = (
				2383625F2240A032007B892D /* Debug */,
				238362602240A032007B892D /* Release */,
			);
			defaultConfigurationIsVisible = 0;
			defaultConfigurationName = Release;
		};
		238362612240A032007B892D /* Build configuration list for PBXNativeTarget "SkyToolTests" */ = {
			isa = XCConfigurationList;
			buildConfigurations = (
				238362622240A032007B892D /* Debug */,
				238362632240A032007B892D /* Release */,
			);
			defaultConfigurationIsVisible = 0;
			defaultConfigurationName = Release;
		};
		238362642240A032007B892D /* Build configuration list for PBXNativeTarget "SkyToolUITests" */ = {
			isa = XCConfigurationList;
			buildConfigurations = (
				238362652240A032007B892D /* Debug */,
				238362662240A032007B892D /* Release */,
			);
			defaultConfigurationIsVisible = 0;
			defaultConfigurationName = Release;
		};
/* End XCConfigurationList section */

/* Begin XCVersionGroup section */
		2383623D2240A030007B892D /* SkyTool.xcdatamodeld */ = {
			isa = XCVersionGroup;
			children = (
				2383623E2240A030007B892D /* SkyTool.xcdatamodel */,
			);
			currentVersion = 2383623E2240A030007B892D /* SkyTool.xcdatamodel */;
			path = SkyTool.xcdatamodeld;
			sourceTree = "<group>";
			versionGroupType = wrapper.xcdatamodel;
		};
/* End XCVersionGroup section */
	};
	rootObject = 2383622B2240A030007B892D /* Project object */;
}
